// !$*UTF8*$!
{
	archiveVersion = 1;
	classes = {
	};
	objectVersion = 56;
	objects = {

/* Begin PBXBuildFile section */
		0CE9447A2C4ACF3A00C0B23A /* RectMoveableImp.swift in Sources */ = {isa = PBXBuildFile; fileRef = 0CE944792C4ACF3A00C0B23A /* RectMoveableImp.swift */; };
		0CE944802C4D66ED00C0B23A /* CaptureCaptionServiceImp.swift in Sources */ = {isa = PBXBuildFile; fileRef = 0CE9447F2C4D66ED00C0B23A /* CaptureCaptionServiceImp.swift */; };
		0CF6F8532C52C5FB00E8A53A /* VideoClipServiceImp.swift in Sources */ = {isa = PBXBuildFile; fileRef = 0CF6F8522C52C5FB00E8A53A /* VideoClipServiceImp.swift */; };
		0CF6F85D2C555BE500E8A53A /* PackagePanel.swift in Sources */ = {isa = PBXBuildFile; fileRef = 0CF6F85C2C555BE500E8A53A /* PackagePanel.swift */; };
		0CF6F8602C5572D700E8A53A /* TransitionServiceImp.swift in Sources */ = {isa = PBXBuildFile; fileRef = 0CF6F85F2C5572D700E8A53A /* TransitionServiceImp.swift */; };
		1C26F95D2EE3D98E23860605 /* Pods_TestApp.framework in Frameworks */ = {isa = PBXBuildFile; fileRef = 5D2CBE4C76110D3120817AC9 /* Pods_TestApp.framework */; };
		5806CB792BCE136B00AD93EF /* other in Resources */ = {isa = PBXBuildFile; fileRef = 5806CB782BCE136B00AD93EF /* other */; };
		5806CB7B2BCE211A00AD93EF /* CaptionView.xib in Resources */ = {isa = PBXBuildFile; fileRef = 5806CB7A2BCE211A00AD93EF /* CaptionView.xib */; };
		5806CB7D2BCE215200AD93EF /* CaptionView.swift in Sources */ = {isa = PBXBuildFile; fileRef = 5806CB7C2BCE215200AD93EF /* CaptionView.swift */; };
		58131F272B6CFFC200FED7FE /* videofx in Resources */ = {isa = PBXBuildFile; fileRef = 58131F262B6CFFC100FED7FE /* videofx */; };
		582B4F942BE08DE3000D26CC /* CaptionServiceImp.swift in Sources */ = {isa = PBXBuildFile; fileRef = 582B4F932BE08DE3000D26CC /* CaptionServiceImp.swift */; };
		582BBF062B91ADEA00089072 /* Moveable.swift in Sources */ = {isa = PBXBuildFile; fileRef = 582BBF052B91ADEA00089072 /* Moveable.swift */; };
		584584552BD7B1B7007F7247 /* ms in Resources */ = {isa = PBXBuildFile; fileRef = 584584542BD7B1B7007F7247 /* ms */; };
		585C69BD2A7BBDC300BB945E /* AppDelegate.swift in Sources */ = {isa = PBXBuildFile; fileRef = 585C69BC2A7BBDC300BB945E /* AppDelegate.swift */; };
		585C69BF2A7BBDC300BB945E /* SceneDelegate.swift in Sources */ = {isa = PBXBuildFile; fileRef = 585C69BE2A7BBDC300BB945E /* SceneDelegate.swift */; };
		585C69C12A7BBDC300BB945E /* ViewController.swift in Sources */ = {isa = PBXBuildFile; fileRef = 585C69C02A7BBDC300BB945E /* ViewController.swift */; };
		585C69C42A7BBDC300BB945E /* Main.storyboard in Resources */ = {isa = PBXBuildFile; fileRef = 585C69C22A7BBDC300BB945E /* Main.storyboard */; };
		585C69C62A7BBDC400BB945E /* Assets.xcassets in Resources */ = {isa = PBXBuildFile; fileRef = 585C69C52A7BBDC400BB945E /* Assets.xcassets */; };
		585C69C92A7BBDC400BB945E /* LaunchScreen.storyboard in Resources */ = {isa = PBXBuildFile; fileRef = 585C69C72A7BBDC400BB945E /* LaunchScreen.storyboard */; };
		585C69D22A7CC2C400BB945E /* EditViewController.swift in Sources */ = {isa = PBXBuildFile; fileRef = 585C69D02A7CC2C400BB945E /* EditViewController.swift */; };
		585C69D62A7CC5D500BB945E /* NvStreamingSdkCore.framework in Frameworks */ = {isa = PBXBuildFile; fileRef = 585C69D52A7CC5D500BB945E /* NvStreamingSdkCore.framework */; };
		585C69D72A7CC5D500BB945E /* NvStreamingSdkCore.framework in Embed Frameworks */ = {isa = PBXBuildFile; fileRef = 585C69D52A7CC5D500BB945E /* NvStreamingSdkCore.framework */; settings = {ATTRIBUTES = (CodeSignOnCopy, RemoveHeadersOnCopy, ); }; };
		5862AAB72B6F71B100195421 /* SequenceView.swift in Sources */ = {isa = PBXBuildFile; fileRef = 5862AAB62B6F71B100195421 /* SequenceView.swift */; };
		5862AABB2B6F888100195421 /* SequenceView.xib in Resources */ = {isa = PBXBuildFile; fileRef = 5862AABA2B6F888100195421 /* SequenceView.xib */; };
		5873F4BE2BAC65F100170BE7 /* RectView.swift in Sources */ = {isa = PBXBuildFile; fileRef = 5873F4BD2BAC65F100170BE7 /* RectView.swift */; };
		5873F4C12BAC673300170BE7 /* AlignProperty.swift in Sources */ = {isa = PBXBuildFile; fileRef = 5873F4C02BAC673300170BE7 /* AlignProperty.swift */; };
		5873F4C92BB1A50C00170BE7 /* font in Resources */ = {isa = PBXBuildFile; fileRef = 5873F4C82BB1A50C00170BE7 /* font */; };
		587725C02C47FEBD00ED78CC /* LiveWindowServiceImp.swift in Sources */ = {isa = PBXBuildFile; fileRef = 587725BF2C47FEBD00ED78CC /* LiveWindowServiceImp.swift */; };
		587725C52C48FCDB00ED78CC /* PointUtils.swift in Sources */ = {isa = PBXBuildFile; fileRef = 587725C42C48FCDB00ED78CC /* PointUtils.swift */; };
		587725C72C49013E00ED78CC /* StickerView.swift in Sources */ = {isa = PBXBuildFile; fileRef = 587725C62C49013E00ED78CC /* StickerView.swift */; };
		587725C92C49014E00ED78CC /* StickerView.xib in Resources */ = {isa = PBXBuildFile; fileRef = 587725C82C49014E00ED78CC /* StickerView.xib */; };
		588B7E172B63E572005ADA60 /* TimelineCreate.swift in Sources */ = {isa = PBXBuildFile; fileRef = 588B7E162B63E572005ADA60 /* TimelineCreate.swift */; };
		588B7E192B63E8A7005ADA60 /* PreView.swift in Sources */ = {isa = PBXBuildFile; fileRef = 588B7E182B63E8A7005ADA60 /* PreView.swift */; };
		588B7E1B2B63E8B5005ADA60 /* Livewindow.xib in Resources */ = {isa = PBXBuildFile; fileRef = 588B7E1A2B63E8B5005ADA60 /* Livewindow.xib */; };
		588B7E1F2B63F1B6005ADA60 /* TimelineService.swift in Sources */ = {isa = PBXBuildFile; fileRef = 588B7E1E2B63F1B6005ADA60 /* TimelineService.swift */; };
		588B7E212B64E92E005ADA60 /* Utils.swift in Sources */ = {isa = PBXBuildFile; fileRef = 588B7E202B64E92E005ADA60 /* Utils.swift */; };
		588B7E412B67A3FD005ADA60 /* meishesdk.lic in Resources */ = {isa = PBXBuildFile; fileRef = 588B7E402B67A3FD005ADA60 /* meishesdk.lic */; };
		588B7E572B67AF61005ADA60 /* LDXImagePicker.framework in Frameworks */ = {isa = PBXBuildFile; fileRef = 588B7E532B67ACAE005ADA60 /* LDXImagePicker.framework */; };
		588B7E582B67AF61005ADA60 /* LDXImagePicker.framework in Embed Frameworks */ = {isa = PBXBuildFile; fileRef = 588B7E532B67ACAE005ADA60 /* LDXImagePicker.framework */; settings = {ATTRIBUTES = (CodeSignOnCopy, RemoveHeadersOnCopy, ); }; };
		588B7E612B68DBB3005ADA60 /* AlbumUtils.swift in Sources */ = {isa = PBXBuildFile; fileRef = 588B7E602B68DBB3005ADA60 /* AlbumUtils.swift */; };
		588B7E642B68E8E9005ADA60 /* CaptureViewController.swift in Sources */ = {isa = PBXBuildFile; fileRef = 588B7E632B68E8E9005ADA60 /* CaptureViewController.swift */; };
		588B7E682B68EE04005ADA60 /* CaptureService.swift in Sources */ = {isa = PBXBuildFile; fileRef = 588B7E672B68EE04005ADA60 /* CaptureService.swift */; };
		588B7E732B6A3D7B005ADA60 /* AssetView.xib in Resources */ = {isa = PBXBuildFile; fileRef = 588B7E722B6A3D7B005ADA60 /* AssetView.xib */; };
		588B7E752B6A3D92005ADA60 /* AssetView.swift in Sources */ = {isa = PBXBuildFile; fileRef = 588B7E742B6A3D92005ADA60 /* AssetView.swift */; };
		588B7E7A2B6A4669005ADA60 /* AssetCollectionViewCell.swift in Sources */ = {isa = PBXBuildFile; fileRef = 588B7E782B6A4669005ADA60 /* AssetCollectionViewCell.swift */; };
		588B7E7B2B6A4669005ADA60 /* AssetCollectionViewCell.xib in Resources */ = {isa = PBXBuildFile; fileRef = 588B7E792B6A4669005ADA60 /* AssetCollectionViewCell.xib */; };
		588B7E7E2B6A49D2005ADA60 /* DataSource.swift in Sources */ = {isa = PBXBuildFile; fileRef = 588B7E7D2B6A49D2005ADA60 /* DataSource.swift */; };
		58B85E922BA9B0BA004C7A96 /* compoundcaption in Resources */ = {isa = PBXBuildFile; fileRef = 58B85E912BA9B0BA004C7A96 /* compoundcaption */; };
		58B85E9C2BAA8240004C7A96 /* CompoundCaptionView.swift in Sources */ = {isa = PBXBuildFile; fileRef = 58B85E9B2BAA8240004C7A96 /* CompoundCaptionView.swift */; };
		58C6FAD92C4906E4008277FB /* StickerServiceImp.swift in Sources */ = {isa = PBXBuildFile; fileRef = 58C6FAD82C4906E4008277FB /* StickerServiceImp.swift */; };
		58C6FB042C4DFABC008277FB /* CaptureFilterService.swift in Sources */ = {isa = PBXBuildFile; fileRef = 58C6FB032C4DFABC008277FB /* CaptureFilterService.swift */; };
		58C6FB2C2C4E0B37008277FB /* PropView.swift in Sources */ = {isa = PBXBuildFile; fileRef = 58C6FB2B2C4E0B37008277FB /* PropView.swift */; };
		58C6FB2E2C4E687B008277FB /* captions in Resources */ = {isa = PBXBuildFile; fileRef = 58C6FB2D2C4E687B008277FB /* captions */; };
		58C6FB302C4E6AA8008277FB /* PropView.xib in Resources */ = {isa = PBXBuildFile; fileRef = 58C6FB2F2C4E6AA8008277FB /* PropView.xib */; };
		58C6FB322C4E6C7B008277FB /* CaptureARSceneServiceImp.swift in Sources */ = {isa = PBXBuildFile; fileRef = 58C6FB312C4E6C7B008277FB /* CaptureARSceneServiceImp.swift */; };
		58C6FB342C4E6E02008277FB /* arscene in Resources */ = {isa = PBXBuildFile; fileRef = 58C6FB332C4E6E02008277FB /* arscene */; };
		58C6FB6F2C51FCA6008277FB /* CaptureStickerServiceImp.swift in Sources */ = {isa = PBXBuildFile; fileRef = 58C6FB6E2C51FCA6008277FB /* CaptureStickerServiceImp.swift */; };
		58C6FB722C5218F6008277FB /* CaptureComCaptionServiceImp.swift in Sources */ = {isa = PBXBuildFile; fileRef = 58C6FB712C5218F6008277FB /* CaptureComCaptionServiceImp.swift */; };
		58C6FB762C524757008277FB /* sticker in Resources */ = {isa = PBXBuildFile; fileRef = 58C6FB742C524757008277FB /* sticker */; };
		58C6FB7A2C524EDE008277FB /* ViewExtension.swift in Sources */ = {isa = PBXBuildFile; fileRef = 58C6FB792C524EDE008277FB /* ViewExtension.swift */; };
		58C6FB7C2C5253BE008277FB /* PHAssetUtils.swift in Sources */ = {isa = PBXBuildFile; fileRef = 58C6FB7B2C5253BE008277FB /* PHAssetUtils.swift */; };
		58F4D3422B849C5200334AA9 /* NvSequeceView.swift in Sources */ = {isa = PBXBuildFile; fileRef = 58F4D3412B849C5200334AA9 /* NvSequeceView.swift */; };
		58F4D3442B84A75700334AA9 /* videotransition in Resources */ = {isa = PBXBuildFile; fileRef = 58F4D3432B84A75700334AA9 /* videotransition */; };
		58F4D3482B84AA7D00334AA9 /* TransitionInteraction.swift in Sources */ = {isa = PBXBuildFile; fileRef = 58F4D3472B84AA7D00334AA9 /* TransitionInteraction.swift */; };
		58F4D34A2B84AB8E00334AA9 /* TransitionProtocal.swift in Sources */ = {isa = PBXBuildFile; fileRef = 58F4D3492B84AB8E00334AA9 /* TransitionProtocal.swift */; };
		58FB6FD72C46917F003FC269 /* BottomViewService.swift in Sources */ = {isa = PBXBuildFile; fileRef = 58FB6FD62C46917F003FC269 /* BottomViewService.swift */; };
		58FB6FDB2C4695E4003FC269 /* BottomCollectionViewCell.xib in Resources */ = {isa = PBXBuildFile; fileRef = 58FB6FDA2C4695E4003FC269 /* BottomCollectionViewCell.xib */; };
		58FB6FDC2C4695E4003FC269 /* BottomCollectionViewCell.swift in Sources */ = {isa = PBXBuildFile; fileRef = 58FB6FD92C4695E4003FC269 /* BottomCollectionViewCell.swift */; };
		58FB6FDE2C469DD4003FC269 /* FilterServiceImp.swift in Sources */ = {isa = PBXBuildFile; fileRef = 58FB6FDD2C469DD4003FC269 /* FilterServiceImp.swift */; };
		58FB6FE02C476683003FC269 /* CompoundCaptionView.xib in Resources */ = {isa = PBXBuildFile; fileRef = 58FB6FDF2C476683003FC269 /* CompoundCaptionView.xib */; };
		58FB6FE22C4768C4003FC269 /* ComCaptionServiceImp.swift in Sources */ = {isa = PBXBuildFile; fileRef = 58FB6FE12C4768C4003FC269 /* ComCaptionServiceImp.swift */; };
		58FB6FE42C478870003FC269 /* PackageList.xib in Resources */ = {isa = PBXBuildFile; fileRef = 58FB6FE32C478870003FC269 /* PackageList.xib */; };
		58FB6FE62C478898003FC269 /* PackageList.swift in Sources */ = {isa = PBXBuildFile; fileRef = 58FB6FE52C478898003FC269 /* PackageList.swift */; };
		58FC08D22C086D11003FD8FE /* WebKit.framework in Frameworks */ = {isa = PBXBuildFile; fileRef = 58FC08D12C086D11003FD8FE /* WebKit.framework */; };
/* End PBXBuildFile section */

/* Begin PBXContainerItemProxy section */
		588B7E502B67ACAE005ADA60 /* PBXContainerItemProxy */ = {
			isa = PBXContainerItemProxy;
			containerPortal = 588B7E4B2B67ACAE005ADA60 /* LDXImagePicker.xcodeproj */;
			proxyType = 2;
			remoteGlobalIDString = AAA8FE271ACDA0CE002A9710;
			remoteInfo = LDXImagePickerDemo;
		};
		588B7E522B67ACAE005ADA60 /* PBXContainerItemProxy */ = {
			isa = PBXContainerItemProxy;
			containerPortal = 588B7E4B2B67ACAE005ADA60 /* LDXImagePicker.xcodeproj */;
			proxyType = 2;
			remoteGlobalIDString = AAA8FE031ACDA079002A9710;
			remoteInfo = LDXImagePicker;
		};
		588B7E542B67ACC1005ADA60 /* PBXContainerItemProxy */ = {
			isa = PBXContainerItemProxy;
			containerPortal = 588B7E4B2B67ACAE005ADA60 /* LDXImagePicker.xcodeproj */;
			proxyType = 1;
			remoteGlobalIDString = AAA8FE021ACDA079002A9710;
			remoteInfo = LDXImagePicker;
		};
/* End PBXContainerItemProxy section */

/* Begin PBXCopyFilesBuildPhase section */
		585C69D82A7CC5D500BB945E /* Embed Frameworks */ = {
			isa = PBXCopyFilesBuildPhase;
			buildActionMask = 2147483647;
			dstPath = "";
			dstSubfolderSpec = 10;
			files = (
				585C69D72A7CC5D500BB945E /* NvStreamingSdkCore.framework in Embed Frameworks */,
				588B7E582B67AF61005ADA60 /* LDXImagePicker.framework in Embed Frameworks */,
			);
			name = "Embed Frameworks";
			runOnlyForDeploymentPostprocessing = 0;
		};
/* End PBXCopyFilesBuildPhase section */

/* Begin PBXFileReference section */
		0CE944792C4ACF3A00C0B23A /* RectMoveableImp.swift */ = {isa = PBXFileReference; lastKnownFileType = sourcecode.swift; path = RectMoveableImp.swift; sourceTree = "<group>"; };
		0CE9447F2C4D66ED00C0B23A /* CaptureCaptionServiceImp.swift */ = {isa = PBXFileReference; lastKnownFileType = sourcecode.swift; path = CaptureCaptionServiceImp.swift; sourceTree = "<group>"; };
		0CF6F8522C52C5FB00E8A53A /* VideoClipServiceImp.swift */ = {isa = PBXFileReference; lastKnownFileType = sourcecode.swift; path = VideoClipServiceImp.swift; sourceTree = "<group>"; };
		0CF6F85C2C555BE500E8A53A /* PackagePanel.swift */ = {isa = PBXFileReference; lastKnownFileType = sourcecode.swift; path = PackagePanel.swift; sourceTree = "<group>"; };
		0CF6F85F2C5572D700E8A53A /* TransitionServiceImp.swift */ = {isa = PBXFileReference; lastKnownFileType = sourcecode.swift; path = TransitionServiceImp.swift; sourceTree = "<group>"; };
		4BB314A834B6D9C7E647DA03 /* Pods-TestApp.release.xcconfig */ = {isa = PBXFileReference; includeInIndex = 1; lastKnownFileType = text.xcconfig; name = "Pods-TestApp.release.xcconfig"; path = "Target Support Files/Pods-TestApp/Pods-TestApp.release.xcconfig"; sourceTree = "<group>"; };
		5428F8C0F86EAB50C36A307F /* Pods-TestApp.debug.xcconfig */ = {isa = PBXFileReference; includeInIndex = 1; lastKnownFileType = text.xcconfig; name = "Pods-TestApp.debug.xcconfig"; path = "Target Support Files/Pods-TestApp/Pods-TestApp.debug.xcconfig"; sourceTree = "<group>"; };
		5806CB782BCE136B00AD93EF /* other */ = {isa = PBXFileReference; lastKnownFileType = folder; path = other; sourceTree = "<group>"; };
		5806CB7A2BCE211A00AD93EF /* CaptionView.xib */ = {isa = PBXFileReference; lastKnownFileType = file.xib; path = CaptionView.xib; sourceTree = "<group>"; };
		5806CB7C2BCE215200AD93EF /* CaptionView.swift */ = {isa = PBXFileReference; lastKnownFileType = sourcecode.swift; path = CaptionView.swift; sourceTree = "<group>"; };
		58131F262B6CFFC100FED7FE /* videofx */ = {isa = PBXFileReference; lastKnownFileType = folder; path = videofx; sourceTree = "<group>"; };
		582B4F932BE08DE3000D26CC /* CaptionServiceImp.swift */ = {isa = PBXFileReference; lastKnownFileType = sourcecode.swift; path = CaptionServiceImp.swift; sourceTree = "<group>"; };
		582BBF052B91ADEA00089072 /* Moveable.swift */ = {isa = PBXFileReference; lastKnownFileType = sourcecode.swift; path = Moveable.swift; sourceTree = "<group>"; };
		584584542BD7B1B7007F7247 /* ms */ = {isa = PBXFileReference; lastKnownFileType = folder; path = ms; sourceTree = "<group>"; };
		585C69B92A7BBDC300BB945E /* TestApp.app */ = {isa = PBXFileReference; explicitFileType = wrapper.application; includeInIndex = 0; path = TestApp.app; sourceTree = BUILT_PRODUCTS_DIR; };
		585C69BC2A7BBDC300BB945E /* AppDelegate.swift */ = {isa = PBXFileReference; lastKnownFileType = sourcecode.swift; path = AppDelegate.swift; sourceTree = "<group>"; };
		585C69BE2A7BBDC300BB945E /* SceneDelegate.swift */ = {isa = PBXFileReference; lastKnownFileType = sourcecode.swift; path = SceneDelegate.swift; sourceTree = "<group>"; };
		585C69C02A7BBDC300BB945E /* ViewController.swift */ = {isa = PBXFileReference; lastKnownFileType = sourcecode.swift; path = ViewController.swift; sourceTree = "<group>"; };
		585C69C32A7BBDC300BB945E /* Base */ = {isa = PBXFileReference; lastKnownFileType = file.storyboard; name = Base; path = Base.lproj/Main.storyboard; sourceTree = "<group>"; };
		585C69C52A7BBDC400BB945E /* Assets.xcassets */ = {isa = PBXFileReference; lastKnownFileType = folder.assetcatalog; path = Assets.xcassets; sourceTree = "<group>"; };
		585C69C82A7BBDC400BB945E /* Base */ = {isa = PBXFileReference; lastKnownFileType = file.storyboard; name = Base; path = Base.lproj/LaunchScreen.storyboard; sourceTree = "<group>"; };
		585C69CA2A7BBDC400BB945E /* Info.plist */ = {isa = PBXFileReference; lastKnownFileType = text.plist.xml; path = Info.plist; sourceTree = "<group>"; };
		585C69D02A7CC2C400BB945E /* EditViewController.swift */ = {isa = PBXFileReference; lastKnownFileType = sourcecode.swift; path = EditViewController.swift; sourceTree = "<group>"; };
		585C69D52A7CC5D500BB945E /* NvStreamingSdkCore.framework */ = {isa = PBXFileReference; lastKnownFileType = wrapper.framework; path = NvStreamingSdkCore.framework; sourceTree = "<group>"; };
		5862AAB62B6F71B100195421 /* SequenceView.swift */ = {isa = PBXFileReference; lastKnownFileType = sourcecode.swift; path = SequenceView.swift; sourceTree = "<group>"; };
		5862AABA2B6F888100195421 /* SequenceView.xib */ = {isa = PBXFileReference; lastKnownFileType = file.xib; path = SequenceView.xib; sourceTree = "<group>"; };
		5873F4BD2BAC65F100170BE7 /* RectView.swift */ = {isa = PBXFileReference; lastKnownFileType = sourcecode.swift; path = RectView.swift; sourceTree = "<group>"; };
		5873F4C02BAC673300170BE7 /* AlignProperty.swift */ = {isa = PBXFileReference; lastKnownFileType = sourcecode.swift; path = AlignProperty.swift; sourceTree = "<group>"; };
		5873F4C82BB1A50C00170BE7 /* font */ = {isa = PBXFileReference; lastKnownFileType = folder; path = font; sourceTree = "<group>"; };
		587725BF2C47FEBD00ED78CC /* LiveWindowServiceImp.swift */ = {isa = PBXFileReference; lastKnownFileType = sourcecode.swift; path = LiveWindowServiceImp.swift; sourceTree = "<group>"; };
		587725C42C48FCDB00ED78CC /* PointUtils.swift */ = {isa = PBXFileReference; lastKnownFileType = sourcecode.swift; path = PointUtils.swift; sourceTree = "<group>"; };
		587725C62C49013E00ED78CC /* StickerView.swift */ = {isa = PBXFileReference; lastKnownFileType = sourcecode.swift; path = StickerView.swift; sourceTree = "<group>"; };
		587725C82C49014E00ED78CC /* StickerView.xib */ = {isa = PBXFileReference; lastKnownFileType = file.xib; path = StickerView.xib; sourceTree = "<group>"; };
		588B7E162B63E572005ADA60 /* TimelineCreate.swift */ = {isa = PBXFileReference; lastKnownFileType = sourcecode.swift; path = TimelineCreate.swift; sourceTree = "<group>"; };
		588B7E182B63E8A7005ADA60 /* PreView.swift */ = {isa = PBXFileReference; lastKnownFileType = sourcecode.swift; path = PreView.swift; sourceTree = "<group>"; };
		588B7E1A2B63E8B5005ADA60 /* Livewindow.xib */ = {isa = PBXFileReference; lastKnownFileType = file.xib; path = Livewindow.xib; sourceTree = "<group>"; };
		588B7E1E2B63F1B6005ADA60 /* TimelineService.swift */ = {isa = PBXFileReference; lastKnownFileType = sourcecode.swift; path = TimelineService.swift; sourceTree = "<group>"; };
		588B7E202B64E92E005ADA60 /* Utils.swift */ = {isa = PBXFileReference; lastKnownFileType = sourcecode.swift; path = Utils.swift; sourceTree = "<group>"; };
		588B7E402B67A3FD005ADA60 /* meishesdk.lic */ = {isa = PBXFileReference; lastKnownFileType = file; path = meishesdk.lic; sourceTree = "<group>"; };
		588B7E4B2B67ACAE005ADA60 /* LDXImagePicker.xcodeproj */ = {isa = PBXFileReference; lastKnownFileType = "wrapper.pb-project"; name = LDXImagePicker.xcodeproj; path = LDXImagePicker/LDXImagePicker.xcodeproj; sourceTree = "<group>"; };
		588B7E602B68DBB3005ADA60 /* AlbumUtils.swift */ = {isa = PBXFileReference; lastKnownFileType = sourcecode.swift; path = AlbumUtils.swift; sourceTree = "<group>"; };
		588B7E632B68E8E9005ADA60 /* CaptureViewController.swift */ = {isa = PBXFileReference; lastKnownFileType = sourcecode.swift; path = CaptureViewController.swift; sourceTree = "<group>"; };
		588B7E672B68EE04005ADA60 /* CaptureService.swift */ = {isa = PBXFileReference; lastKnownFileType = sourcecode.swift; path = CaptureService.swift; sourceTree = "<group>"; };
		588B7E722B6A3D7B005ADA60 /* AssetView.xib */ = {isa = PBXFileReference; lastKnownFileType = file.xib; path = AssetView.xib; sourceTree = "<group>"; };
		588B7E742B6A3D92005ADA60 /* AssetView.swift */ = {isa = PBXFileReference; lastKnownFileType = sourcecode.swift; path = AssetView.swift; sourceTree = "<group>"; };
		588B7E782B6A4669005ADA60 /* AssetCollectionViewCell.swift */ = {isa = PBXFileReference; lastKnownFileType = sourcecode.swift; path = AssetCollectionViewCell.swift; sourceTree = "<group>"; };
		588B7E792B6A4669005ADA60 /* AssetCollectionViewCell.xib */ = {isa = PBXFileReference; lastKnownFileType = file.xib; path = AssetCollectionViewCell.xib; sourceTree = "<group>"; };
		588B7E7D2B6A49D2005ADA60 /* DataSource.swift */ = {isa = PBXFileReference; lastKnownFileType = sourcecode.swift; path = DataSource.swift; sourceTree = "<group>"; };
		58B85E912BA9B0BA004C7A96 /* compoundcaption */ = {isa = PBXFileReference; lastKnownFileType = folder; path = compoundcaption; sourceTree = "<group>"; };
		58B85E9B2BAA8240004C7A96 /* CompoundCaptionView.swift */ = {isa = PBXFileReference; lastKnownFileType = sourcecode.swift; path = CompoundCaptionView.swift; sourceTree = "<group>"; };
		58C6FAD82C4906E4008277FB /* StickerServiceImp.swift */ = {isa = PBXFileReference; lastKnownFileType = sourcecode.swift; path = StickerServiceImp.swift; sourceTree = "<group>"; };
		58C6FB032C4DFABC008277FB /* CaptureFilterService.swift */ = {isa = PBXFileReference; lastKnownFileType = sourcecode.swift; path = CaptureFilterService.swift; sourceTree = "<group>"; };
		58C6FB2B2C4E0B37008277FB /* PropView.swift */ = {isa = PBXFileReference; lastKnownFileType = sourcecode.swift; path = PropView.swift; sourceTree = "<group>"; };
		58C6FB2D2C4E687B008277FB /* captions */ = {isa = PBXFileReference; lastKnownFileType = folder; path = captions; sourceTree = "<group>"; };
		58C6FB2F2C4E6AA8008277FB /* PropView.xib */ = {isa = PBXFileReference; lastKnownFileType = file.xib; path = PropView.xib; sourceTree = "<group>"; };
		58C6FB312C4E6C7B008277FB /* CaptureARSceneServiceImp.swift */ = {isa = PBXFileReference; lastKnownFileType = sourcecode.swift; path = CaptureARSceneServiceImp.swift; sourceTree = "<group>"; };
		58C6FB332C4E6E02008277FB /* arscene */ = {isa = PBXFileReference; lastKnownFileType = folder; path = arscene; sourceTree = "<group>"; };
		58C6FB6E2C51FCA6008277FB /* CaptureStickerServiceImp.swift */ = {isa = PBXFileReference; lastKnownFileType = sourcecode.swift; path = CaptureStickerServiceImp.swift; sourceTree = "<group>"; };
		58C6FB712C5218F6008277FB /* CaptureComCaptionServiceImp.swift */ = {isa = PBXFileReference; lastKnownFileType = sourcecode.swift; path = CaptureComCaptionServiceImp.swift; sourceTree = "<group>"; };
		58C6FB742C524757008277FB /* sticker */ = {isa = PBXFileReference; lastKnownFileType = folder; path = sticker; sourceTree = "<group>"; };
		58C6FB792C524EDE008277FB /* ViewExtension.swift */ = {isa = PBXFileReference; lastKnownFileType = sourcecode.swift; path = ViewExtension.swift; sourceTree = "<group>"; };
		58C6FB7B2C5253BE008277FB /* PHAssetUtils.swift */ = {isa = PBXFileReference; lastKnownFileType = sourcecode.swift; path = PHAssetUtils.swift; sourceTree = "<group>"; };
		58F4D3412B849C5200334AA9 /* NvSequeceView.swift */ = {isa = PBXFileReference; fileEncoding = 4; lastKnownFileType = sourcecode.swift; path = NvSequeceView.swift; sourceTree = "<group>"; };
		58F4D3432B84A75700334AA9 /* videotransition */ = {isa = PBXFileReference; lastKnownFileType = folder; path = videotransition; sourceTree = "<group>"; };
		58F4D3472B84AA7D00334AA9 /* TransitionInteraction.swift */ = {isa = PBXFileReference; lastKnownFileType = sourcecode.swift; path = TransitionInteraction.swift; sourceTree = "<group>"; };
		58F4D3492B84AB8E00334AA9 /* TransitionProtocal.swift */ = {isa = PBXFileReference; lastKnownFileType = sourcecode.swift; path = TransitionProtocal.swift; sourceTree = "<group>"; };
		58FB6FD62C46917F003FC269 /* BottomViewService.swift */ = {isa = PBXFileReference; lastKnownFileType = sourcecode.swift; path = BottomViewService.swift; sourceTree = "<group>"; };
		58FB6FD92C4695E4003FC269 /* BottomCollectionViewCell.swift */ = {isa = PBXFileReference; lastKnownFileType = sourcecode.swift; path = BottomCollectionViewCell.swift; sourceTree = "<group>"; };
		58FB6FDA2C4695E4003FC269 /* BottomCollectionViewCell.xib */ = {isa = PBXFileReference; lastKnownFileType = file.xib; path = BottomCollectionViewCell.xib; sourceTree = "<group>"; };
		58FB6FDD2C469DD4003FC269 /* FilterServiceImp.swift */ = {isa = PBXFileReference; lastKnownFileType = sourcecode.swift; path = FilterServiceImp.swift; sourceTree = "<group>"; };
		58FB6FDF2C476683003FC269 /* CompoundCaptionView.xib */ = {isa = PBXFileReference; lastKnownFileType = file.xib; path = CompoundCaptionView.xib; sourceTree = "<group>"; };
		58FB6FE12C4768C4003FC269 /* ComCaptionServiceImp.swift */ = {isa = PBXFileReference; lastKnownFileType = sourcecode.swift; path = ComCaptionServiceImp.swift; sourceTree = "<group>"; };
		58FB6FE32C478870003FC269 /* PackageList.xib */ = {isa = PBXFileReference; lastKnownFileType = file.xib; path = PackageList.xib; sourceTree = "<group>"; };
		58FB6FE52C478898003FC269 /* PackageList.swift */ = {isa = PBXFileReference; lastKnownFileType = sourcecode.swift; path = PackageList.swift; sourceTree = "<group>"; };
		58FC08D12C086D11003FD8FE /* WebKit.framework */ = {isa = PBXFileReference; lastKnownFileType = wrapper.framework; name = WebKit.framework; path = System/Library/Frameworks/WebKit.framework; sourceTree = SDKROOT; };
		5D2CBE4C76110D3120817AC9 /* Pods_TestApp.framework */ = {isa = PBXFileReference; explicitFileType = wrapper.framework; includeInIndex = 0; path = Pods_TestApp.framework; sourceTree = BUILT_PRODUCTS_DIR; };
/* End PBXFileReference section */

/* Begin PBXFrameworksBuildPhase section */
		585C69B62A7BBDC300BB945E /* Frameworks */ = {
			isa = PBXFrameworksBuildPhase;
			buildActionMask = 2147483647;
			files = (
				58FC08D22C086D11003FD8FE /* WebKit.framework in Frameworks */,
				585C69D62A7CC5D500BB945E /* NvStreamingSdkCore.framework in Frameworks */,
				588B7E572B67AF61005ADA60 /* LDXImagePicker.framework in Frameworks */,
				1C26F95D2EE3D98E23860605 /* Pods_TestApp.framework in Frameworks */,
			);
			runOnlyForDeploymentPostprocessing = 0;
		};
/* End PBXFrameworksBuildPhase section */

/* Begin PBXGroup section */
		585C69B02A7BBDC300BB945E = {
			isa = PBXGroup;
			children = (
				588B7E4B2B67ACAE005ADA60 /* LDXImagePicker.xcodeproj */,
				585C69BB2A7BBDC300BB945E /* TestApp */,
				585C69BA2A7BBDC300BB945E /* Products */,
				585C69D42A7CC5D400BB945E /* Frameworks */,
				CBE7F2843D65E420456DBABF /* Pods */,
			);
			sourceTree = "<group>";
		};
		585C69BA2A7BBDC300BB945E /* Products */ = {
			isa = PBXGroup;
			children = (
				585C69B92A7BBDC300BB945E /* TestApp.app */,
			);
			name = Products;
			sourceTree = "<group>";
		};
		585C69BB2A7BBDC300BB945E /* TestApp */ = {
			isa = PBXGroup;
			children = (
				588B7E402B67A3FD005ADA60 /* meishesdk.lic */,
				58C6FB742C524757008277FB /* sticker */,
				58C6FB332C4E6E02008277FB /* arscene */,
				58C6FB2D2C4E687B008277FB /* captions */,
				584584542BD7B1B7007F7247 /* ms */,
				5806CB782BCE136B00AD93EF /* other */,
				5873F4C82BB1A50C00170BE7 /* font */,
				58B85E912BA9B0BA004C7A96 /* compoundcaption */,
				58F4D3432B84A75700334AA9 /* videotransition */,
				58131F262B6CFFC100FED7FE /* videofx */,
				588B7E152B63E539005ADA60 /* MyWork */,
				585C69BC2A7BBDC300BB945E /* AppDelegate.swift */,
				585C69BE2A7BBDC300BB945E /* SceneDelegate.swift */,
				585C69C02A7BBDC300BB945E /* ViewController.swift */,
				585C69D02A7CC2C400BB945E /* EditViewController.swift */,
				588B7E632B68E8E9005ADA60 /* CaptureViewController.swift */,
				585C69C22A7BBDC300BB945E /* Main.storyboard */,
				585C69C52A7BBDC400BB945E /* Assets.xcassets */,
				585C69C72A7BBDC400BB945E /* LaunchScreen.storyboard */,
				585C69CA2A7BBDC400BB945E /* Info.plist */,
			);
			path = TestApp;
			sourceTree = "<group>";
		};
		585C69D42A7CC5D400BB945E /* Frameworks */ = {
			isa = PBXGroup;
			children = (
				58FC08D12C086D11003FD8FE /* WebKit.framework */,
				585C69D52A7CC5D500BB945E /* NvStreamingSdkCore.framework */,
				5D2CBE4C76110D3120817AC9 /* Pods_TestApp.framework */,
			);
			name = Frameworks;
			sourceTree = "<group>";
		};
		5862AAB02B6F3D3C00195421 /* protocal */ = {
			isa = PBXGroup;
			children = (
				58F4D3492B84AB8E00334AA9 /* TransitionProtocal.swift */,
				582BBF052B91ADEA00089072 /* Moveable.swift */,
			);
			path = protocal;
			sourceTree = "<group>";
		};
		5862AAB42B6F714400195421 /* interaction */ = {
			isa = PBXGroup;
			children = (
				58F4D3472B84AA7D00334AA9 /* TransitionInteraction.swift */,
			);
			path = interaction;
			sourceTree = "<group>";
		};
		5873F4BF2BAC670200170BE7 /* helper */ = {
			isa = PBXGroup;
			children = (
				5873F4C02BAC673300170BE7 /* AlignProperty.swift */,
				587725C42C48FCDB00ED78CC /* PointUtils.swift */,
				58C6FB792C524EDE008277FB /* ViewExtension.swift */,
				58C6FB7B2C5253BE008277FB /* PHAssetUtils.swift */,
			);
			path = helper;
			sourceTree = "<group>";
		};
		588B7E152B63E539005ADA60 /* MyWork */ = {
			isa = PBXGroup;
			children = (
				5873F4BF2BAC670200170BE7 /* helper */,
				5862AAB02B6F3D3C00195421 /* protocal */,
				588B7E7C2B6A49A1005ADA60 /* dataSource */,
				588B7E702B6A3D65005ADA60 /* view */,
				588B7E6A2B690262005ADA60 /* service */,
				5862AAB42B6F714400195421 /* interaction */,
				588B7E202B64E92E005ADA60 /* Utils.swift */,
				588B7E182B63E8A7005ADA60 /* PreView.swift */,
				588B7E1A2B63E8B5005ADA60 /* Livewindow.xib */,
				588B7E602B68DBB3005ADA60 /* AlbumUtils.swift */,
			);
			path = MyWork;
			sourceTree = "<group>";
		};
		588B7E4C2B67ACAE005ADA60 /* Products */ = {
			isa = PBXGroup;
			children = (
				588B7E512B67ACAE005ADA60 /* LDXImagePickerDemo.app */,
				588B7E532B67ACAE005ADA60 /* LDXImagePicker.framework */,
			);
			name = Products;
			sourceTree = "<group>";
		};
		588B7E6A2B690262005ADA60 /* service */ = {
			isa = PBXGroup;
			children = (
				588B7E672B68EE04005ADA60 /* CaptureService.swift */,
				0CE9447F2C4D66ED00C0B23A /* CaptureCaptionServiceImp.swift */,
				58C6FB312C4E6C7B008277FB /* CaptureARSceneServiceImp.swift */,
				58C6FB6E2C51FCA6008277FB /* CaptureStickerServiceImp.swift */,
				58C6FB712C5218F6008277FB /* CaptureComCaptionServiceImp.swift */,
				588B7E162B63E572005ADA60 /* TimelineCreate.swift */,
				588B7E1E2B63F1B6005ADA60 /* TimelineService.swift */,
				58FB6FDD2C469DD4003FC269 /* FilterServiceImp.swift */,
				0CF6F8522C52C5FB00E8A53A /* VideoClipServiceImp.swift */,
				0CF6F85F2C5572D700E8A53A /* TransitionServiceImp.swift */,
				58C6FB032C4DFABC008277FB /* CaptureFilterService.swift */,
				582B4F932BE08DE3000D26CC /* CaptionServiceImp.swift */,
				58C6FAD82C4906E4008277FB /* StickerServiceImp.swift */,
				58FB6FE12C4768C4003FC269 /* ComCaptionServiceImp.swift */,
				587725BF2C47FEBD00ED78CC /* LiveWindowServiceImp.swift */,
				0CE944792C4ACF3A00C0B23A /* RectMoveableImp.swift */,
			);
			path = service;
			sourceTree = "<group>";
		};
		588B7E702B6A3D65005ADA60 /* view */ = {
			isa = PBXGroup;
			children = (
				588B7E722B6A3D7B005ADA60 /* AssetView.xib */,
				588B7E742B6A3D92005ADA60 /* AssetView.swift */,
				58FB6FD92C4695E4003FC269 /* BottomCollectionViewCell.swift */,
				58FB6FDA2C4695E4003FC269 /* BottomCollectionViewCell.xib */,
				58B85E9B2BAA8240004C7A96 /* CompoundCaptionView.swift */,
				58FB6FDF2C476683003FC269 /* CompoundCaptionView.xib */,
				588B7E782B6A4669005ADA60 /* AssetCollectionViewCell.swift */,
				588B7E792B6A4669005ADA60 /* AssetCollectionViewCell.xib */,
				58F4D3412B849C5200334AA9 /* NvSequeceView.swift */,
				5862AAB62B6F71B100195421 /* SequenceView.swift */,
				5862AABA2B6F888100195421 /* SequenceView.xib */,
				5873F4BD2BAC65F100170BE7 /* RectView.swift */,
				58C6FB2B2C4E0B37008277FB /* PropView.swift */,
				58C6FB2F2C4E6AA8008277FB /* PropView.xib */,
				5806CB7C2BCE215200AD93EF /* CaptionView.swift */,
				5806CB7A2BCE211A00AD93EF /* CaptionView.xib */,
				587725C62C49013E00ED78CC /* StickerView.swift */,
				587725C82C49014E00ED78CC /* StickerView.xib */,
				58FB6FD62C46917F003FC269 /* BottomViewService.swift */,
				58FB6FE32C478870003FC269 /* PackageList.xib */,
				58FB6FE52C478898003FC269 /* PackageList.swift */,
				0CF6F85C2C555BE500E8A53A /* PackagePanel.swift */,
			);
			path = view;
			sourceTree = "<group>";
		};
		588B7E7C2B6A49A1005ADA60 /* dataSource */ = {
			isa = PBXGroup;
			children = (
				588B7E7D2B6A49D2005ADA60 /* DataSource.swift */,
			);
			path = dataSource;
			sourceTree = "<group>";
		};
		CBE7F2843D65E420456DBABF /* Pods */ = {
			isa = PBXGroup;
			children = (
				5428F8C0F86EAB50C36A307F /* Pods-TestApp.debug.xcconfig */,
				4BB314A834B6D9C7E647DA03 /* Pods-TestApp.release.xcconfig */,
			);
			path = Pods;
			sourceTree = "<group>";
		};
/* End PBXGroup section */

/* Begin PBXNativeTarget section */
		585C69B82A7BBDC300BB945E /* TestApp */ = {
			isa = PBXNativeTarget;
			buildConfigurationList = 585C69CD2A7BBDC400BB945E /* Build configuration list for PBXNativeTarget "TestApp" */;
			buildPhases = (
				CC8DB2AA7A6E0B2F90987707 /* [CP] Check Pods Manifest.lock */,
				585C69B52A7BBDC300BB945E /* Sources */,
				585C69B62A7BBDC300BB945E /* Frameworks */,
				585C69B72A7BBDC300BB945E /* Resources */,
				585C69D82A7CC5D500BB945E /* Embed Frameworks */,
				58582BDCF0023BF58C425E40 /* [CP] Embed Pods Frameworks */,
			);
			buildRules = (
			);
			dependencies = (
				588B7E552B67ACC1005ADA60 /* PBXTargetDependency */,
			);
			name = TestApp;
			packageProductDependencies = (
			);
			productName = TestApp;
			productReference = 585C69B92A7BBDC300BB945E /* TestApp.app */;
			productType = "com.apple.product-type.application";
		};
/* End PBXNativeTarget section */

/* Begin PBXProject section */
		585C69B12A7BBDC300BB945E /* Project object */ = {
			isa = PBXProject;
			attributes = {
				BuildIndependentTargetsInParallel = 1;
				LastSwiftUpdateCheck = 1430;
				LastUpgradeCheck = 1430;
				TargetAttributes = {
					585C69B82A7BBDC300BB945E = {
						CreatedOnToolsVersion = 14.3.1;
					};
				};
			};
			buildConfigurationList = 585C69B42A7BBDC300BB945E /* Build configuration list for PBXProject "TestApp" */;
			compatibilityVersion = "Xcode 14.0";
			developmentRegion = en;
			hasScannedForEncodings = 0;
			knownRegions = (
				en,
				Base,
			);
			mainGroup = 585C69B02A7BBDC300BB945E;
			packageReferences = (
			);
			productRefGroup = 585C69BA2A7BBDC300BB945E /* Products */;
			projectDirPath = "";
			projectReferences = (
				{
					ProductGroup = 588B7E4C2B67ACAE005ADA60 /* Products */;
					ProjectRef = 588B7E4B2B67ACAE005ADA60 /* LDXImagePicker.xcodeproj */;
				},
			);
			projectRoot = "";
			targets = (
				585C69B82A7BBDC300BB945E /* TestApp */,
			);
		};
/* End PBXProject section */

/* Begin PBXReferenceProxy section */
		588B7E512B67ACAE005ADA60 /* LDXImagePickerDemo.app */ = {
			isa = PBXReferenceProxy;
			fileType = wrapper.application;
			path = LDXImagePickerDemo.app;
			remoteRef = 588B7E502B67ACAE005ADA60 /* PBXContainerItemProxy */;
			sourceTree = BUILT_PRODUCTS_DIR;
		};
		588B7E532B67ACAE005ADA60 /* LDXImagePicker.framework */ = {
			isa = PBXReferenceProxy;
			fileType = wrapper.framework;
			path = LDXImagePicker.framework;
			remoteRef = 588B7E522B67ACAE005ADA60 /* PBXContainerItemProxy */;
			sourceTree = BUILT_PRODUCTS_DIR;
		};
/* End PBXReferenceProxy section */

/* Begin PBXResourcesBuildPhase section */
		585C69B72A7BBDC300BB945E /* Resources */ = {
			isa = PBXResourcesBuildPhase;
			buildActionMask = 2147483647;
			files = (
				588B7E412B67A3FD005ADA60 /* meishesdk.lic in Resources */,
				58B85E922BA9B0BA004C7A96 /* compoundcaption in Resources */,
				585C69C92A7BBDC400BB945E /* LaunchScreen.storyboard in Resources */,
				587725C92C49014E00ED78CC /* StickerView.xib in Resources */,
				58C6FB342C4E6E02008277FB /* arscene in Resources */,
				588B7E1B2B63E8B5005ADA60 /* Livewindow.xib in Resources */,
				585C69C62A7BBDC400BB945E /* Assets.xcassets in Resources */,
				58131F272B6CFFC200FED7FE /* videofx in Resources */,
				5806CB7B2BCE211A00AD93EF /* CaptionView.xib in Resources */,
				588B7E7B2B6A4669005ADA60 /* AssetCollectionViewCell.xib in Resources */,
				585C69C42A7BBDC300BB945E /* Main.storyboard in Resources */,
				5862AABB2B6F888100195421 /* SequenceView.xib in Resources */,
				58C6FB762C524757008277FB /* sticker in Resources */,
				584584552BD7B1B7007F7247 /* ms in Resources */,
				5806CB792BCE136B00AD93EF /* other in Resources */,
				58FB6FE42C478870003FC269 /* PackageList.xib in Resources */,
				58C6FB2E2C4E687B008277FB /* captions in Resources */,
				58FB6FDB2C4695E4003FC269 /* BottomCollectionViewCell.xib in Resources */,
				5873F4C92BB1A50C00170BE7 /* font in Resources */,
				588B7E732B6A3D7B005ADA60 /* AssetView.xib in Resources */,
				58C6FB302C4E6AA8008277FB /* PropView.xib in Resources */,
				58FB6FE02C476683003FC269 /* CompoundCaptionView.xib in Resources */,
				58F4D3442B84A75700334AA9 /* videotransition in Resources */,
			);
			runOnlyForDeploymentPostprocessing = 0;
		};
/* End PBXResourcesBuildPhase section */

/* Begin PBXShellScriptBuildPhase section */
		58582BDCF0023BF58C425E40 /* [CP] Embed Pods Frameworks */ = {
			isa = PBXShellScriptBuildPhase;
			buildActionMask = 2147483647;
			files = (
			);
			inputFileListPaths = (
				"${PODS_ROOT}/Target Support Files/Pods-TestApp/Pods-TestApp-frameworks-${CONFIGURATION}-input-files.xcfilelist",
			);
			name = "[CP] Embed Pods Frameworks";
			outputFileListPaths = (
				"${PODS_ROOT}/Target Support Files/Pods-TestApp/Pods-TestApp-frameworks-${CONFIGURATION}-output-files.xcfilelist",
			);
			runOnlyForDeploymentPostprocessing = 0;
			shellPath = /bin/sh;
			shellScript = "\"${PODS_ROOT}/Target Support Files/Pods-TestApp/Pods-TestApp-frameworks.sh\"\n";
			showEnvVarsInLog = 0;
		};
		CC8DB2AA7A6E0B2F90987707 /* [CP] Check Pods Manifest.lock */ = {
			isa = PBXShellScriptBuildPhase;
			buildActionMask = 2147483647;
			files = (
			);
			inputFileListPaths = (
			);
			inputPaths = (
				"${PODS_PODFILE_DIR_PATH}/Podfile.lock",
				"${PODS_ROOT}/Manifest.lock",
			);
			name = "[CP] Check Pods Manifest.lock";
			outputFileListPaths = (
			);
			outputPaths = (
				"$(DERIVED_FILE_DIR)/Pods-TestApp-checkManifestLockResult.txt",
			);
			runOnlyForDeploymentPostprocessing = 0;
			shellPath = /bin/sh;
			shellScript = "diff \"${PODS_PODFILE_DIR_PATH}/Podfile.lock\" \"${PODS_ROOT}/Manifest.lock\" > /dev/null\nif [ $? != 0 ] ; then\n    # print error to STDERR\n    echo \"error: The sandbox is not in sync with the Podfile.lock. Run 'pod install' or update your CocoaPods installation.\" >&2\n    exit 1\nfi\n# This output is used by Xcode 'outputs' to avoid re-running this script phase.\necho \"SUCCESS\" > \"${SCRIPT_OUTPUT_FILE_0}\"\n";
			showEnvVarsInLog = 0;
		};
/* End PBXShellScriptBuildPhase section */

/* Begin PBXSourcesBuildPhase section */
		585C69B52A7BBDC300BB945E /* Sources */ = {
			isa = PBXSourcesBuildPhase;
			buildActionMask = 2147483647;
			files = (
				588B7E752B6A3D92005ADA60 /* AssetView.swift in Sources */,
				588B7E682B68EE04005ADA60 /* CaptureService.swift in Sources */,
				5862AAB72B6F71B100195421 /* SequenceView.swift in Sources */,
				588B7E172B63E572005ADA60 /* TimelineCreate.swift in Sources */,
				58C6FB2C2C4E0B37008277FB /* PropView.swift in Sources */,
				58C6FAD92C4906E4008277FB /* StickerServiceImp.swift in Sources */,
				587725C52C48FCDB00ED78CC /* PointUtils.swift in Sources */,
				5806CB7D2BCE215200AD93EF /* CaptionView.swift in Sources */,
				588B7E7E2B6A49D2005ADA60 /* DataSource.swift in Sources */,
				58F4D3482B84AA7D00334AA9 /* TransitionInteraction.swift in Sources */,
				58FB6FD72C46917F003FC269 /* BottomViewService.swift in Sources */,
				588B7E192B63E8A7005ADA60 /* PreView.swift in Sources */,
				588B7E642B68E8E9005ADA60 /* CaptureViewController.swift in Sources */,
				58C6FB7A2C524EDE008277FB /* ViewExtension.swift in Sources */,
				585C69D22A7CC2C400BB945E /* EditViewController.swift in Sources */,
				58FB6FE22C4768C4003FC269 /* ComCaptionServiceImp.swift in Sources */,
				588B7E612B68DBB3005ADA60 /* AlbumUtils.swift in Sources */,
				5873F4C12BAC673300170BE7 /* AlignProperty.swift in Sources */,
				0CE9447A2C4ACF3A00C0B23A /* RectMoveableImp.swift in Sources */,
				588B7E1F2B63F1B6005ADA60 /* TimelineService.swift in Sources */,
				585C69C12A7BBDC300BB945E /* ViewController.swift in Sources */,
				58FB6FDC2C4695E4003FC269 /* BottomCollectionViewCell.swift in Sources */,
				58C6FB7C2C5253BE008277FB /* PHAssetUtils.swift in Sources */,
				582B4F942BE08DE3000D26CC /* CaptionServiceImp.swift in Sources */,
				585C69BD2A7BBDC300BB945E /* AppDelegate.swift in Sources */,
				58C6FB322C4E6C7B008277FB /* CaptureARSceneServiceImp.swift in Sources */,
				588B7E7A2B6A4669005ADA60 /* AssetCollectionViewCell.swift in Sources */,
				587725C02C47FEBD00ED78CC /* LiveWindowServiceImp.swift in Sources */,
				587725C72C49013E00ED78CC /* StickerView.swift in Sources */,
				0CF6F8602C5572D700E8A53A /* TransitionServiceImp.swift in Sources */,
				58F4D34A2B84AB8E00334AA9 /* TransitionProtocal.swift in Sources */,
				0CE944802C4D66ED00C0B23A /* CaptureCaptionServiceImp.swift in Sources */,
				58F4D3422B849C5200334AA9 /* NvSequeceView.swift in Sources */,
				58C6FB6F2C51FCA6008277FB /* CaptureStickerServiceImp.swift in Sources */,
				58C6FB042C4DFABC008277FB /* CaptureFilterService.swift in Sources */,
				58B85E9C2BAA8240004C7A96 /* CompoundCaptionView.swift in Sources */,
				58FB6FE62C478898003FC269 /* PackageList.swift in Sources */,
				585C69BF2A7BBDC300BB945E /* SceneDelegate.swift in Sources */,
				582BBF062B91ADEA00089072 /* Moveable.swift in Sources */,
				58C6FB722C5218F6008277FB /* CaptureComCaptionServiceImp.swift in Sources */,
				588B7E212B64E92E005ADA60 /* Utils.swift in Sources */,
				58FB6FDE2C469DD4003FC269 /* FilterServiceImp.swift in Sources */,
				0CF6F85D2C555BE500E8A53A /* PackagePanel.swift in Sources */,
				0CF6F8532C52C5FB00E8A53A /* VideoClipServiceImp.swift in Sources */,
				5873F4BE2BAC65F100170BE7 /* RectView.swift in Sources */,
			);
			runOnlyForDeploymentPostprocessing = 0;
		};
/* End PBXSourcesBuildPhase section */

/* Begin PBXTargetDependency section */
		588B7E552B67ACC1005ADA60 /* PBXTargetDependency */ = {
			isa = PBXTargetDependency;
			name = LDXImagePicker;
			targetProxy = 588B7E542B67ACC1005ADA60 /* PBXContainerItemProxy */;
		};
/* End PBXTargetDependency section */

/* Begin PBXVariantGroup section */
		585C69C22A7BBDC300BB945E /* Main.storyboard */ = {
			isa = PBXVariantGroup;
			children = (
				585C69C32A7BBDC300BB945E /* Base */,
			);
			name = Main.storyboard;
			sourceTree = "<group>";
		};
		585C69C72A7BBDC400BB945E /* LaunchScreen.storyboard */ = {
			isa = PBXVariantGroup;
			children = (
				585C69C82A7BBDC400BB945E /* Base */,
			);
			name = LaunchScreen.storyboard;
			sourceTree = "<group>";
		};
/* End PBXVariantGroup section */

/* Begin XCBuildConfiguration section */
		585C69CB2A7BBDC400BB945E /* Debug */ = {
			isa = XCBuildConfiguration;
			buildSettings = {
				ALWAYS_SEARCH_USER_PATHS = NO;
				CLANG_ANALYZER_NONNULL = YES;
				CLANG_ANALYZER_NUMBER_OBJECT_CONVERSION = YES_AGGRESSIVE;
				CLANG_CXX_LANGUAGE_STANDARD = "gnu++20";
				CLANG_ENABLE_MODULES = YES;
				CLANG_ENABLE_OBJC_ARC = YES;
				CLANG_ENABLE_OBJC_WEAK = YES;
				CLANG_WARN_BLOCK_CAPTURE_AUTORELEASING = YES;
				CLANG_WARN_BOOL_CONVERSION = YES;
				CLANG_WARN_COMMA = YES;
				CLANG_WARN_CONSTANT_CONVERSION = YES;
				CLANG_WARN_DEPRECATED_OBJC_IMPLEMENTATIONS = YES;
				CLANG_WARN_DIRECT_OBJC_ISA_USAGE = YES_ERROR;
				CLANG_WARN_DOCUMENTATION_COMMENTS = YES;
				CLANG_WARN_EMPTY_BODY = YES;
				CLANG_WARN_ENUM_CONVERSION = YES;
				CLANG_WARN_INFINITE_RECURSION = YES;
				CLANG_WARN_INT_CONVERSION = YES;
				CLANG_WARN_NON_LITERAL_NULL_CONVERSION = YES;
				CLANG_WARN_OBJC_IMPLICIT_RETAIN_SELF = YES;
				CLANG_WARN_OBJC_LITERAL_CONVERSION = YES;
				CLANG_WARN_OBJC_ROOT_CLASS = YES_ERROR;
				CLANG_WARN_QUOTED_INCLUDE_IN_FRAMEWORK_HEADER = YES;
				CLANG_WARN_RANGE_LOOP_ANALYSIS = YES;
				CLANG_WARN_STRICT_PROTOTYPES = YES;
				CLANG_WARN_SUSPICIOUS_MOVE = YES;
				CLANG_WARN_UNGUARDED_AVAILABILITY = YES_AGGRESSIVE;
				CLANG_WARN_UNREACHABLE_CODE = YES;
				CLANG_WARN__DUPLICATE_METHOD_MATCH = YES;
				COPY_PHASE_STRIP = NO;
				DEBUG_INFORMATION_FORMAT = dwarf;
				ENABLE_STRICT_OBJC_MSGSEND = YES;
				ENABLE_TESTABILITY = YES;
				GCC_C_LANGUAGE_STANDARD = gnu11;
				GCC_DYNAMIC_NO_PIC = NO;
				GCC_NO_COMMON_BLOCKS = YES;
				GCC_OPTIMIZATION_LEVEL = 0;
				GCC_PREPROCESSOR_DEFINITIONS = (
					"DEBUG=1",
					"$(inherited)",
				);
				GCC_WARN_64_TO_32_BIT_CONVERSION = YES;
				GCC_WARN_ABOUT_RETURN_TYPE = YES_ERROR;
				GCC_WARN_UNDECLARED_SELECTOR = YES;
				GCC_WARN_UNINITIALIZED_AUTOS = YES_AGGRESSIVE;
				GCC_WARN_UNUSED_FUNCTION = YES;
				GCC_WARN_UNUSED_VARIABLE = YES;
				IPHONEOS_DEPLOYMENT_TARGET = 16.4;
				MTL_ENABLE_DEBUG_INFO = INCLUDE_SOURCE;
				MTL_FAST_MATH = YES;
				ONLY_ACTIVE_ARCH = YES;
				SDKROOT = iphoneos;
				SWIFT_ACTIVE_COMPILATION_CONDITIONS = DEBUG;
				SWIFT_OPTIMIZATION_LEVEL = "-Onone";
			};
			name = Debug;
		};
		585C69CC2A7BBDC400BB945E /* Release */ = {
			isa = XCBuildConfiguration;
			buildSettings = {
				ALWAYS_SEARCH_USER_PATHS = NO;
				CLANG_ANALYZER_NONNULL = YES;
				CLANG_ANALYZER_NUMBER_OBJECT_CONVERSION = YES_AGGRESSIVE;
				CLANG_CXX_LANGUAGE_STANDARD = "gnu++20";
				CLANG_ENABLE_MODULES = YES;
				CLANG_ENABLE_OBJC_ARC = YES;
				CLANG_ENABLE_OBJC_WEAK = YES;
				CLANG_WARN_BLOCK_CAPTURE_AUTORELEASING = YES;
				CLANG_WARN_BOOL_CONVERSION = YES;
				CLANG_WARN_COMMA = YES;
				CLANG_WARN_CONSTANT_CONVERSION = YES;
				CLANG_WARN_DEPRECATED_OBJC_IMPLEMENTATIONS = YES;
				CLANG_WARN_DIRECT_OBJC_ISA_USAGE = YES_ERROR;
				CLANG_WARN_DOCUMENTATION_COMMENTS = YES;
				CLANG_WARN_EMPTY_BODY = YES;
				CLANG_WARN_ENUM_CONVERSION = YES;
				CLANG_WARN_INFINITE_RECURSION = YES;
				CLANG_WARN_INT_CONVERSION = YES;
				CLANG_WARN_NON_LITERAL_NULL_CONVERSION = YES;
				CLANG_WARN_OBJC_IMPLICIT_RETAIN_SELF = YES;
				CLANG_WARN_OBJC_LITERAL_CONVERSION = YES;
				CLANG_WARN_OBJC_ROOT_CLASS = YES_ERROR;
				CLANG_WARN_QUOTED_INCLUDE_IN_FRAMEWORK_HEADER = YES;
				CLANG_WARN_RANGE_LOOP_ANALYSIS = YES;
				CLANG_WARN_STRICT_PROTOTYPES = YES;
				CLANG_WARN_SUSPICIOUS_MOVE = YES;
				CLANG_WARN_UNGUARDED_AVAILABILITY = YES_AGGRESSIVE;
				CLANG_WARN_UNREACHABLE_CODE = YES;
				CLANG_WARN__DUPLICATE_METHOD_MATCH = YES;
				COPY_PHASE_STRIP = NO;
				DEBUG_INFORMATION_FORMAT = "dwarf-with-dsym";
				ENABLE_NS_ASSERTIONS = NO;
				ENABLE_STRICT_OBJC_MSGSEND = YES;
				GCC_C_LANGUAGE_STANDARD = gnu11;
				GCC_NO_COMMON_BLOCKS = YES;
				GCC_WARN_64_TO_32_BIT_CONVERSION = YES;
				GCC_WARN_ABOUT_RETURN_TYPE = YES_ERROR;
				GCC_WARN_UNDECLARED_SELECTOR = YES;
				GCC_WARN_UNINITIALIZED_AUTOS = YES_AGGRESSIVE;
				GCC_WARN_UNUSED_FUNCTION = YES;
				GCC_WARN_UNUSED_VARIABLE = YES;
				IPHONEOS_DEPLOYMENT_TARGET = 16.4;
				MTL_ENABLE_DEBUG_INFO = NO;
				MTL_FAST_MATH = YES;
				SDKROOT = iphoneos;
				SWIFT_COMPILATION_MODE = wholemodule;
				SWIFT_OPTIMIZATION_LEVEL = "-O";
				VALIDATE_PRODUCT = YES;
			};
			name = Release;
		};
		585C69CE2A7BBDC400BB945E /* Debug */ = {
			isa = XCBuildConfiguration;
			baseConfigurationReference = 5428F8C0F86EAB50C36A307F /* Pods-TestApp.debug.xcconfig */;
			buildSettings = {
				ASSETCATALOG_COMPILER_APPICON_NAME = AppIcon;
				ASSETCATALOG_COMPILER_GLOBAL_ACCENT_COLOR_NAME = AccentColor;
				CODE_SIGN_IDENTITY = "Apple Development";
				CODE_SIGN_STYLE = Automatic;
				CURRENT_PROJECT_VERSION = 1;
				DEVELOPMENT_TEAM = GURX554A9Q;
				FRAMEWORK_SEARCH_PATHS = (
					"$(inherited)",
					"$(PROJECT_DIR)",
					"\"$(SRCROOT)/TestApp/\"",
				);
				GENERATE_INFOPLIST_FILE = YES;
				INFOPLIST_FILE = TestApp/Info.plist;
				INFOPLIST_KEY_NSCameraUsageDescription = "相机";
				INFOPLIST_KEY_NSMicrophoneUsageDescription = "麦克风";
				INFOPLIST_KEY_NSPhotoLibraryUsageDescription = Photos;
				INFOPLIST_KEY_UIApplicationSupportsIndirectInputEvents = YES;
				INFOPLIST_KEY_UILaunchStoryboardName = LaunchScreen;
				INFOPLIST_KEY_UIMainStoryboardFile = Main;
				INFOPLIST_KEY_UISupportedInterfaceOrientations_iPad = "UIInterfaceOrientationPortrait UIInterfaceOrientationPortraitUpsideDown UIInterfaceOrientationLandscapeLeft UIInterfaceOrientationLandscapeRight";
				INFOPLIST_KEY_UISupportedInterfaceOrientations_iPhone = "UIInterfaceOrientationPortrait UIInterfaceOrientationLandscapeLeft UIInterfaceOrientationLandscapeRight";
				IPHONEOS_DEPLOYMENT_TARGET = 13.0;
				LD_RUNPATH_SEARCH_PATHS = (
					"$(inherited)",
					"@executable_path/Frameworks",
				);
				MARKETING_VERSION = 1.0;
				PRODUCT_BUNDLE_IDENTIFIER = com.meishe.sdkdemo;
				PRODUCT_NAME = "$(TARGET_NAME)";
				PROVISIONING_PROFILE_SPECIFIER = "";
				SWIFT_EMIT_LOC_STRINGS = YES;
				SWIFT_VERSION = 5.0;
				TARGETED_DEVICE_FAMILY = "1,2";
			};
			name = Debug;
		};
		585C69CF2A7BBDC400BB945E /* Release */ = {
			isa = XCBuildConfiguration;
			baseConfigurationReference = 4BB314A834B6D9C7E647DA03 /* Pods-TestApp.release.xcconfig */;
			buildSettings = {
				ASSETCATALOG_COMPILER_APPICON_NAME = AppIcon;
				ASSETCATALOG_COMPILER_GLOBAL_ACCENT_COLOR_NAME = AccentColor;
				CODE_SIGN_IDENTITY = "Apple Development";
				CODE_SIGN_STYLE = Automatic;
				CURRENT_PROJECT_VERSION = 1;
				DEVELOPMENT_TEAM = GURX554A9Q;
				FRAMEWORK_SEARCH_PATHS = (
					"$(inherited)",
					"$(PROJECT_DIR)",
					"\"$(SRCROOT)/TestApp/\"",
				);
				GENERATE_INFOPLIST_FILE = YES;
				INFOPLIST_FILE = TestApp/Info.plist;
				INFOPLIST_KEY_NSCameraUsageDescription = "相机";
				INFOPLIST_KEY_NSMicrophoneUsageDescription = "麦克风";
				INFOPLIST_KEY_NSPhotoLibraryUsageDescription = Photos;
				INFOPLIST_KEY_UIApplicationSupportsIndirectInputEvents = YES;
				INFOPLIST_KEY_UILaunchStoryboardName = LaunchScreen;
				INFOPLIST_KEY_UIMainStoryboardFile = Main;
				INFOPLIST_KEY_UISupportedInterfaceOrientations_iPad = "UIInterfaceOrientationPortrait UIInterfaceOrientationPortraitUpsideDown UIInterfaceOrientationLandscapeLeft UIInterfaceOrientationLandscapeRight";
				INFOPLIST_KEY_UISupportedInterfaceOrientations_iPhone = "UIInterfaceOrientationPortrait UIInterfaceOrientationLandscapeLeft UIInterfaceOrientationLandscapeRight";
				IPHONEOS_DEPLOYMENT_TARGET = 13.0;
				LD_RUNPATH_SEARCH_PATHS = (
					"$(inherited)",
					"@executable_path/Frameworks",
				);
				MARKETING_VERSION = 1.0;
				PRODUCT_BUNDLE_IDENTIFIER = com.meishe.sdkdemo;
				PRODUCT_NAME = "$(TARGET_NAME)";
				PROVISIONING_PROFILE_SPECIFIER = "";
				SWIFT_EMIT_LOC_STRINGS = YES;
				SWIFT_VERSION = 5.0;
				TARGETED_DEVICE_FAMILY = "1,2";
			};
			name = Release;
		};
/* End XCBuildConfiguration section */

/* Begin XCConfigurationList section */
		585C69B42A7BBDC300BB945E /* Build configuration list for PBXProject "TestApp" */ = {
			isa = XCConfigurationList;
			buildConfigurations = (
				585C69CB2A7BBDC400BB945E /* Debug */,
				585C69CC2A7BBDC400BB945E /* Release */,
			);
			defaultConfigurationIsVisible = 0;
			defaultConfigurationName = Release;
		};
		585C69CD2A7BBDC400BB945E /* Build configuration list for PBXNativeTarget "TestApp" */ = {
			isa = XCConfigurationList;
			buildConfigurations = (
				585C69CE2A7BBDC400BB945E /* Debug */,
				585C69CF2A7BBDC400BB945E /* Release */,
			);
			defaultConfigurationIsVisible = 0;
			defaultConfigurationName = Release;
		};
/* End XCConfigurationList section */
	};
	rootObject = 585C69B12A7BBDC300BB945E /* Project object */;
}
