// !$*UTF8*$!
{
	archiveVersion = 1;
	classes = {
	};
	objectVersion = 56;
	objects = {

/* Begin PBXBuildFile section */
		58131F272B6CFFC200FED7FE /* videofx in Resources */ = {isa = PBXBuildFile; fileRef = 58131F262B6CFFC100FED7FE /* videofx */; };
		585C69BD2A7BBDC300BB945E /* AppDelegate.swift in Sources */ = {isa = PBXBuildFile; fileRef = 585C69BC2A7BBDC300BB945E /* AppDelegate.swift */; };
		585C69BF2A7BBDC300BB945E /* SceneDelegate.swift in Sources */ = {isa = PBXBuildFile; fileRef = 585C69BE2A7BBDC300BB945E /* SceneDelegate.swift */; };
		585C69C12A7BBDC300BB945E /* ViewController.swift in Sources */ = {isa = PBXBuildFile; fileRef = 585C69C02A7BBDC300BB945E /* ViewController.swift */; };
		585C69C42A7BBDC300BB945E /* Main.storyboard in Resources */ = {isa = PBXBuildFile; fileRef = 585C69C22A7BBDC300BB945E /* Main.storyboard */; };
		585C69C62A7BBDC400BB945E /* Assets.xcassets in Resources */ = {isa = PBXBuildFile; fileRef = 585C69C52A7BBDC400BB945E /* Assets.xcassets */; };
		585C69C92A7BBDC400BB945E /* LaunchScreen.storyboard in Resources */ = {isa = PBXBuildFile; fileRef = 585C69C72A7BBDC400BB945E /* LaunchScreen.storyboard */; };
		585C69D22A7CC2C400BB945E /* EditViewController.swift in Sources */ = {isa = PBXBuildFile; fileRef = 585C69D02A7CC2C400BB945E /* EditViewController.swift */; };
		585C69D62A7CC5D500BB945E /* NvStreamingSdkCore.framework in Frameworks */ = {isa = PBXBuildFile; fileRef = 585C69D52A7CC5D500BB945E /* NvStreamingSdkCore.framework */; };
		585C69D72A7CC5D500BB945E /* NvStreamingSdkCore.framework in Embed Frameworks */ = {isa = PBXBuildFile; fileRef = 585C69D52A7CC5D500BB945E /* NvStreamingSdkCore.framework */; settings = {ATTRIBUTES = (CodeSignOnCopy, RemoveHeadersOnCopy, ); }; };
		5862AAAE2B6F3BB600195421 /* FilterInteraction.swift in Sources */ = {isa = PBXBuildFile; fileRef = 5862AAAD2B6F3BB600195421 /* FilterInteraction.swift */; };
		5862AAB22B6F3D4900195421 /* FilterProtocal.swift in Sources */ = {isa = PBXBuildFile; fileRef = 5862AAB12B6F3D4900195421 /* FilterProtocal.swift */; };
		588B7E172B63E572005ADA60 /* TimelineCreate.swift in Sources */ = {isa = PBXBuildFile; fileRef = 588B7E162B63E572005ADA60 /* TimelineCreate.swift */; };
		588B7E192B63E8A7005ADA60 /* PreView.swift in Sources */ = {isa = PBXBuildFile; fileRef = 588B7E182B63E8A7005ADA60 /* PreView.swift */; };
		588B7E1B2B63E8B5005ADA60 /* Livewindow.xib in Resources */ = {isa = PBXBuildFile; fileRef = 588B7E1A2B63E8B5005ADA60 /* Livewindow.xib */; };
		588B7E1F2B63F1B6005ADA60 /* TimelineAction.swift in Sources */ = {isa = PBXBuildFile; fileRef = 588B7E1E2B63F1B6005ADA60 /* TimelineAction.swift */; };
		588B7E212B64E92E005ADA60 /* Utils.swift in Sources */ = {isa = PBXBuildFile; fileRef = 588B7E202B64E92E005ADA60 /* Utils.swift */; };
		588B7E232B64EE24005ADA60 /* PreViewTimelineInteraction.swift in Sources */ = {isa = PBXBuildFile; fileRef = 588B7E222B64EE24005ADA60 /* PreViewTimelineInteraction.swift */; };
		588B7E412B67A3FD005ADA60 /* meishesdk.lic in Resources */ = {isa = PBXBuildFile; fileRef = 588B7E402B67A3FD005ADA60 /* meishesdk.lic */; };
		588B7E572B67AF61005ADA60 /* LDXImagePicker.framework in Frameworks */ = {isa = PBXBuildFile; fileRef = 588B7E532B67ACAE005ADA60 /* LDXImagePicker.framework */; };
		588B7E582B67AF61005ADA60 /* LDXImagePicker.framework in Embed Frameworks */ = {isa = PBXBuildFile; fileRef = 588B7E532B67ACAE005ADA60 /* LDXImagePicker.framework */; settings = {ATTRIBUTES = (CodeSignOnCopy, RemoveHeadersOnCopy, ); }; };
		588B7E612B68DBB3005ADA60 /* AlbumUtils.swift in Sources */ = {isa = PBXBuildFile; fileRef = 588B7E602B68DBB3005ADA60 /* AlbumUtils.swift */; };
		588B7E642B68E8E9005ADA60 /* CaptureViewController.swift in Sources */ = {isa = PBXBuildFile; fileRef = 588B7E632B68E8E9005ADA60 /* CaptureViewController.swift */; };
		588B7E682B68EE04005ADA60 /* CaptureAction.swift in Sources */ = {isa = PBXBuildFile; fileRef = 588B7E672B68EE04005ADA60 /* CaptureAction.swift */; };
		588B7E732B6A3D7B005ADA60 /* AssetView.xib in Resources */ = {isa = PBXBuildFile; fileRef = 588B7E722B6A3D7B005ADA60 /* AssetView.xib */; };
		588B7E752B6A3D92005ADA60 /* AssetView.swift in Sources */ = {isa = PBXBuildFile; fileRef = 588B7E742B6A3D92005ADA60 /* AssetView.swift */; };
		588B7E7A2B6A4669005ADA60 /* AssetCollectionViewCell.swift in Sources */ = {isa = PBXBuildFile; fileRef = 588B7E782B6A4669005ADA60 /* AssetCollectionViewCell.swift */; };
		588B7E7B2B6A4669005ADA60 /* AssetCollectionViewCell.xib in Resources */ = {isa = PBXBuildFile; fileRef = 588B7E792B6A4669005ADA60 /* AssetCollectionViewCell.xib */; };
		588B7E7E2B6A49D2005ADA60 /* DataSource.swift in Sources */ = {isa = PBXBuildFile; fileRef = 588B7E7D2B6A49D2005ADA60 /* DataSource.swift */; };
		58C927572B6CDFA600F35362 /* FilterAssetGetter.swift in Sources */ = {isa = PBXBuildFile; fileRef = 58C927562B6CDFA600F35362 /* FilterAssetGetter.swift */; };
/* End PBXBuildFile section */

/* Begin PBXContainerItemProxy section */
		588B7E502B67ACAE005ADA60 /* PBXContainerItemProxy */ = {
			isa = PBXContainerItemProxy;
			containerPortal = 588B7E4B2B67ACAE005ADA60 /* LDXImagePicker.xcodeproj */;
			proxyType = 2;
			remoteGlobalIDString = AAA8FE271ACDA0CE002A9710;
			remoteInfo = LDXImagePickerDemo;
		};
		588B7E522B67ACAE005ADA60 /* PBXContainerItemProxy */ = {
			isa = PBXContainerItemProxy;
			containerPortal = 588B7E4B2B67ACAE005ADA60 /* LDXImagePicker.xcodeproj */;
			proxyType = 2;
			remoteGlobalIDString = AAA8FE031ACDA079002A9710;
			remoteInfo = LDXImagePicker;
		};
		588B7E542B67ACC1005ADA60 /* PBXContainerItemProxy */ = {
			isa = PBXContainerItemProxy;
			containerPortal = 588B7E4B2B67ACAE005ADA60 /* LDXImagePicker.xcodeproj */;
			proxyType = 1;
			remoteGlobalIDString = AAA8FE021ACDA079002A9710;
			remoteInfo = LDXImagePicker;
		};
/* End PBXContainerItemProxy section */

/* Begin PBXCopyFilesBuildPhase section */
		585C69D82A7CC5D500BB945E /* Embed Frameworks */ = {
			isa = PBXCopyFilesBuildPhase;
			buildActionMask = 2147483647;
			dstPath = "";
			dstSubfolderSpec = 10;
			files = (
				585C69D72A7CC5D500BB945E /* NvStreamingSdkCore.framework in Embed Frameworks */,
				588B7E582B67AF61005ADA60 /* LDXImagePicker.framework in Embed Frameworks */,
			);
			name = "Embed Frameworks";
			runOnlyForDeploymentPostprocessing = 0;
		};
/* End PBXCopyFilesBuildPhase section */

/* Begin PBXFileReference section */
		58131F262B6CFFC100FED7FE /* videofx */ = {isa = PBXFileReference; lastKnownFileType = folder; path = videofx; sourceTree = "<group>"; };
		585C69B92A7BBDC300BB945E /* TestApp.app */ = {isa = PBXFileReference; explicitFileType = wrapper.application; includeInIndex = 0; path = TestApp.app; sourceTree = BUILT_PRODUCTS_DIR; };
		585C69BC2A7BBDC300BB945E /* AppDelegate.swift */ = {isa = PBXFileReference; lastKnownFileType = sourcecode.swift; path = AppDelegate.swift; sourceTree = "<group>"; };
		585C69BE2A7BBDC300BB945E /* SceneDelegate.swift */ = {isa = PBXFileReference; lastKnownFileType = sourcecode.swift; path = SceneDelegate.swift; sourceTree = "<group>"; };
		585C69C02A7BBDC300BB945E /* ViewController.swift */ = {isa = PBXFileReference; lastKnownFileType = sourcecode.swift; path = ViewController.swift; sourceTree = "<group>"; };
		585C69C32A7BBDC300BB945E /* Base */ = {isa = PBXFileReference; lastKnownFileType = file.storyboard; name = Base; path = Base.lproj/Main.storyboard; sourceTree = "<group>"; };
		585C69C52A7BBDC400BB945E /* Assets.xcassets */ = {isa = PBXFileReference; lastKnownFileType = folder.assetcatalog; path = Assets.xcassets; sourceTree = "<group>"; };
		585C69C82A7BBDC400BB945E /* Base */ = {isa = PBXFileReference; lastKnownFileType = file.storyboard; name = Base; path = Base.lproj/LaunchScreen.storyboard; sourceTree = "<group>"; };
		585C69CA2A7BBDC400BB945E /* Info.plist */ = {isa = PBXFileReference; lastKnownFileType = text.plist.xml; path = Info.plist; sourceTree = "<group>"; };
		585C69D02A7CC2C400BB945E /* EditViewController.swift */ = {isa = PBXFileReference; lastKnownFileType = sourcecode.swift; path = EditViewController.swift; sourceTree = "<group>"; };
		585C69D52A7CC5D500BB945E /* NvStreamingSdkCore.framework */ = {isa = PBXFileReference; lastKnownFileType = wrapper.framework; path = NvStreamingSdkCore.framework; sourceTree = "<group>"; };
		5862AAAD2B6F3BB600195421 /* FilterInteraction.swift */ = {isa = PBXFileReference; lastKnownFileType = sourcecode.swift; path = FilterInteraction.swift; sourceTree = "<group>"; };
		5862AAB12B6F3D4900195421 /* FilterProtocal.swift */ = {isa = PBXFileReference; lastKnownFileType = sourcecode.swift; path = FilterProtocal.swift; sourceTree = "<group>"; };
		588B7E162B63E572005ADA60 /* TimelineCreate.swift */ = {isa = PBXFileReference; lastKnownFileType = sourcecode.swift; path = TimelineCreate.swift; sourceTree = "<group>"; };
		588B7E182B63E8A7005ADA60 /* PreView.swift */ = {isa = PBXFileReference; lastKnownFileType = sourcecode.swift; path = PreView.swift; sourceTree = "<group>"; };
		588B7E1A2B63E8B5005ADA60 /* Livewindow.xib */ = {isa = PBXFileReference; lastKnownFileType = file.xib; path = Livewindow.xib; sourceTree = "<group>"; };
		588B7E1E2B63F1B6005ADA60 /* TimelineAction.swift */ = {isa = PBXFileReference; lastKnownFileType = sourcecode.swift; path = TimelineAction.swift; sourceTree = "<group>"; };
		588B7E202B64E92E005ADA60 /* Utils.swift */ = {isa = PBXFileReference; lastKnownFileType = sourcecode.swift; path = Utils.swift; sourceTree = "<group>"; };
		588B7E222B64EE24005ADA60 /* PreViewTimelineInteraction.swift */ = {isa = PBXFileReference; lastKnownFileType = sourcecode.swift; path = PreViewTimelineInteraction.swift; sourceTree = "<group>"; };
		588B7E402B67A3FD005ADA60 /* meishesdk.lic */ = {isa = PBXFileReference; lastKnownFileType = file; path = meishesdk.lic; sourceTree = "<group>"; };
		588B7E4B2B67ACAE005ADA60 /* LDXImagePicker.xcodeproj */ = {isa = PBXFileReference; lastKnownFileType = "wrapper.pb-project"; name = LDXImagePicker.xcodeproj; path = LDXImagePicker/LDXImagePicker.xcodeproj; sourceTree = "<group>"; };
		588B7E602B68DBB3005ADA60 /* AlbumUtils.swift */ = {isa = PBXFileReference; lastKnownFileType = sourcecode.swift; path = AlbumUtils.swift; sourceTree = "<group>"; };
		588B7E632B68E8E9005ADA60 /* CaptureViewController.swift */ = {isa = PBXFileReference; lastKnownFileType = sourcecode.swift; path = CaptureViewController.swift; sourceTree = "<group>"; };
		588B7E672B68EE04005ADA60 /* CaptureAction.swift */ = {isa = PBXFileReference; lastKnownFileType = sourcecode.swift; path = CaptureAction.swift; sourceTree = "<group>"; };
		588B7E722B6A3D7B005ADA60 /* AssetView.xib */ = {isa = PBXFileReference; lastKnownFileType = file.xib; path = AssetView.xib; sourceTree = "<group>"; };
		588B7E742B6A3D92005ADA60 /* AssetView.swift */ = {isa = PBXFileReference; lastKnownFileType = sourcecode.swift; path = AssetView.swift; sourceTree = "<group>"; };
		588B7E782B6A4669005ADA60 /* AssetCollectionViewCell.swift */ = {isa = PBXFileReference; lastKnownFileType = sourcecode.swift; path = AssetCollectionViewCell.swift; sourceTree = "<group>"; };
		588B7E792B6A4669005ADA60 /* AssetCollectionViewCell.xib */ = {isa = PBXFileReference; lastKnownFileType = file.xib; path = AssetCollectionViewCell.xib; sourceTree = "<group>"; };
		588B7E7D2B6A49D2005ADA60 /* DataSource.swift */ = {isa = PBXFileReference; lastKnownFileType = sourcecode.swift; path = DataSource.swift; sourceTree = "<group>"; };
		58C927562B6CDFA600F35362 /* FilterAssetGetter.swift */ = {isa = PBXFileReference; lastKnownFileType = sourcecode.swift; path = FilterAssetGetter.swift; sourceTree = "<group>"; };
/* End PBXFileReference section */

/* Begin PBXFrameworksBuildPhase section */
		585C69B62A7BBDC300BB945E /* Frameworks */ = {
			isa = PBXFrameworksBuildPhase;
			buildActionMask = 2147483647;
			files = (
				585C69D62A7CC5D500BB945E /* NvStreamingSdkCore.framework in Frameworks */,
				588B7E572B67AF61005ADA60 /* LDXImagePicker.framework in Frameworks */,
			);
			runOnlyForDeploymentPostprocessing = 0;
		};
/* End PBXFrameworksBuildPhase section */

/* Begin PBXGroup section */
		585C69B02A7BBDC300BB945E = {
			isa = PBXGroup;
			children = (
				588B7E4B2B67ACAE005ADA60 /* LDXImagePicker.xcodeproj */,
				585C69BB2A7BBDC300BB945E /* TestApp */,
				585C69BA2A7BBDC300BB945E /* Products */,
				585C69D42A7CC5D400BB945E /* Frameworks */,
			);
			sourceTree = "<group>";
		};
		585C69BA2A7BBDC300BB945E /* Products */ = {
			isa = PBXGroup;
			children = (
				585C69B92A7BBDC300BB945E /* TestApp.app */,
			);
			name = Products;
			sourceTree = "<group>";
		};
		585C69BB2A7BBDC300BB945E /* TestApp */ = {
			isa = PBXGroup;
			children = (
				588B7E402B67A3FD005ADA60 /* meishesdk.lic */,
				58131F262B6CFFC100FED7FE /* videofx */,
				588B7E152B63E539005ADA60 /* MyWork */,
				585C69BC2A7BBDC300BB945E /* AppDelegate.swift */,
				585C69BE2A7BBDC300BB945E /* SceneDelegate.swift */,
				585C69C02A7BBDC300BB945E /* ViewController.swift */,
				585C69D02A7CC2C400BB945E /* EditViewController.swift */,
				588B7E632B68E8E9005ADA60 /* CaptureViewController.swift */,
				585C69C22A7BBDC300BB945E /* Main.storyboard */,
				585C69C52A7BBDC400BB945E /* Assets.xcassets */,
				585C69C72A7BBDC400BB945E /* LaunchScreen.storyboard */,
				585C69CA2A7BBDC400BB945E /* Info.plist */,
			);
			path = TestApp;
			sourceTree = "<group>";
		};
		585C69D42A7CC5D400BB945E /* Frameworks */ = {
			isa = PBXGroup;
			children = (
				585C69D52A7CC5D500BB945E /* NvStreamingSdkCore.framework */,
			);
			name = Frameworks;
			sourceTree = "<group>";
		};
		5862AAB02B6F3D3C00195421 /* protocal */ = {
			isa = PBXGroup;
			children = (
				5862AAB12B6F3D4900195421 /* FilterProtocal.swift */,
			);
			path = protocal;
			sourceTree = "<group>";
		};
		588B7E152B63E539005ADA60 /* MyWork */ = {
			isa = PBXGroup;
			children = (
				5862AAB02B6F3D3C00195421 /* protocal */,
				588B7E7C2B6A49A1005ADA60 /* dataSource */,
				588B7E702B6A3D65005ADA60 /* view */,
				588B7E6A2B690262005ADA60 /* action */,
				588B7E202B64E92E005ADA60 /* Utils.swift */,
				588B7E182B63E8A7005ADA60 /* PreView.swift */,
				588B7E222B64EE24005ADA60 /* PreViewTimelineInteraction.swift */,
				5862AAAD2B6F3BB600195421 /* FilterInteraction.swift */,
				588B7E1A2B63E8B5005ADA60 /* Livewindow.xib */,
				588B7E602B68DBB3005ADA60 /* AlbumUtils.swift */,
			);
			path = MyWork;
			sourceTree = "<group>";
		};
		588B7E4C2B67ACAE005ADA60 /* Products */ = {
			isa = PBXGroup;
			children = (
				588B7E512B67ACAE005ADA60 /* LDXImagePickerDemo.app */,
				588B7E532B67ACAE005ADA60 /* LDXImagePicker.framework */,
			);
			name = Products;
			sourceTree = "<group>";
		};
		588B7E6A2B690262005ADA60 /* action */ = {
			isa = PBXGroup;
			children = (
				588B7E162B63E572005ADA60 /* TimelineCreate.swift */,
				588B7E1E2B63F1B6005ADA60 /* TimelineAction.swift */,
				588B7E672B68EE04005ADA60 /* CaptureAction.swift */,
			);
			path = action;
			sourceTree = "<group>";
		};
		588B7E702B6A3D65005ADA60 /* view */ = {
			isa = PBXGroup;
			children = (
				588B7E722B6A3D7B005ADA60 /* AssetView.xib */,
				588B7E742B6A3D92005ADA60 /* AssetView.swift */,
				588B7E782B6A4669005ADA60 /* AssetCollectionViewCell.swift */,
				588B7E792B6A4669005ADA60 /* AssetCollectionViewCell.xib */,
			);
			path = view;
			sourceTree = "<group>";
		};
		588B7E7C2B6A49A1005ADA60 /* dataSource */ = {
			isa = PBXGroup;
			children = (
				588B7E7D2B6A49D2005ADA60 /* DataSource.swift */,
				58C927562B6CDFA600F35362 /* FilterAssetGetter.swift */,
			);
			path = dataSource;
			sourceTree = "<group>";
		};
/* End PBXGroup section */

/* Begin PBXNativeTarget section */
		585C69B82A7BBDC300BB945E /* TestApp */ = {
			isa = PBXNativeTarget;
			buildConfigurationList = 585C69CD2A7BBDC400BB945E /* Build configuration list for PBXNativeTarget "TestApp" */;
			buildPhases = (
				585C69B52A7BBDC300BB945E /* Sources */,
				585C69B62A7BBDC300BB945E /* Frameworks */,
				585C69B72A7BBDC300BB945E /* Resources */,
				585C69D82A7CC5D500BB945E /* Embed Frameworks */,
			);
			buildRules = (
			);
			dependencies = (
				588B7E552B67ACC1005ADA60 /* PBXTargetDependency */,
			);
			name = TestApp;
			productName = TestApp;
			productReference = 585C69B92A7BBDC300BB945E /* TestApp.app */;
			productType = "com.apple.product-type.application";
		};
/* End PBXNativeTarget section */

/* Begin PBXProject section */
		585C69B12A7BBDC300BB945E /* Project object */ = {
			isa = PBXProject;
			attributes = {
				BuildIndependentTargetsInParallel = 1;
				LastSwiftUpdateCheck = 1430;
				LastUpgradeCheck = 1430;
				TargetAttributes = {
					585C69B82A7BBDC300BB945E = {
						CreatedOnToolsVersion = 14.3.1;
					};
				};
			};
			buildConfigurationList = 585C69B42A7BBDC300BB945E /* Build configuration list for PBXProject "TestApp" */;
			compatibilityVersion = "Xcode 14.0";
			developmentRegion = en;
			hasScannedForEncodings = 0;
			knownRegions = (
				en,
				Base,
			);
			mainGroup = 585C69B02A7BBDC300BB945E;
			productRefGroup = 585C69BA2A7BBDC300BB945E /* Products */;
			projectDirPath = "";
			projectReferences = (
				{
					ProductGroup = 588B7E4C2B67ACAE005ADA60 /* Products */;
					ProjectRef = 588B7E4B2B67ACAE005ADA60 /* LDXImagePicker.xcodeproj */;
				},
			);
			projectRoot = "";
			targets = (
				585C69B82A7BBDC300BB945E /* TestApp */,
			);
		};
/* End PBXProject section */

/* Begin PBXReferenceProxy section */
		588B7E512B67ACAE005ADA60 /* LDXImagePickerDemo.app */ = {
			isa = PBXReferenceProxy;
			fileType = wrapper.application;
			path = LDXImagePickerDemo.app;
			remoteRef = 588B7E502B67ACAE005ADA60 /* PBXContainerItemProxy */;
			sourceTree = BUILT_PRODUCTS_DIR;
		};
		588B7E532B67ACAE005ADA60 /* LDXImagePicker.framework */ = {
			isa = PBXReferenceProxy;
			fileType = wrapper.framework;
			path = LDXImagePicker.framework;
			remoteRef = 588B7E522B67ACAE005ADA60 /* PBXContainerItemProxy */;
			sourceTree = BUILT_PRODUCTS_DIR;
		};
/* End PBXReferenceProxy section */

/* Begin PBXResourcesBuildPhase section */
		585C69B72A7BBDC300BB945E /* Resources */ = {
			isa = PBXResourcesBuildPhase;
			buildActionMask = 2147483647;
			files = (
				588B7E412B67A3FD005ADA60 /* meishesdk.lic in Resources */,
				585C69C92A7BBDC400BB945E /* LaunchScreen.storyboard in Resources */,
				588B7E1B2B63E8B5005ADA60 /* Livewindow.xib in Resources */,
				585C69C62A7BBDC400BB945E /* Assets.xcassets in Resources */,
				58131F272B6CFFC200FED7FE /* videofx in Resources */,
				588B7E7B2B6A4669005ADA60 /* AssetCollectionViewCell.xib in Resources */,
				585C69C42A7BBDC300BB945E /* Main.storyboard in Resources */,
				588B7E732B6A3D7B005ADA60 /* AssetView.xib in Resources */,
			);
			runOnlyForDeploymentPostprocessing = 0;
		};
/* End PBXResourcesBuildPhase section */

/* Begin PBXSourcesBuildPhase section */
		585C69B52A7BBDC300BB945E /* Sources */ = {
			isa = PBXSourcesBuildPhase;
			buildActionMask = 2147483647;
			files = (
				588B7E752B6A3D92005ADA60 /* AssetView.swift in Sources */,
				5862AAAE2B6F3BB600195421 /* FilterInteraction.swift in Sources */,
				588B7E682B68EE04005ADA60 /* CaptureAction.swift in Sources */,
				5862AAB22B6F3D4900195421 /* FilterProtocal.swift in Sources */,
				588B7E172B63E572005ADA60 /* TimelineCreate.swift in Sources */,
				58C927572B6CDFA600F35362 /* FilterAssetGetter.swift in Sources */,
				588B7E7E2B6A49D2005ADA60 /* DataSource.swift in Sources */,
				588B7E192B63E8A7005ADA60 /* PreView.swift in Sources */,
				588B7E642B68E8E9005ADA60 /* CaptureViewController.swift in Sources */,
				585C69D22A7CC2C400BB945E /* EditViewController.swift in Sources */,
				588B7E612B68DBB3005ADA60 /* AlbumUtils.swift in Sources */,
				588B7E232B64EE24005ADA60 /* PreViewTimelineInteraction.swift in Sources */,
				588B7E1F2B63F1B6005ADA60 /* TimelineAction.swift in Sources */,
				585C69C12A7BBDC300BB945E /* ViewController.swift in Sources */,
				585C69BD2A7BBDC300BB945E /* AppDelegate.swift in Sources */,
				588B7E7A2B6A4669005ADA60 /* AssetCollectionViewCell.swift in Sources */,
				585C69BF2A7BBDC300BB945E /* SceneDelegate.swift in Sources */,
				588B7E212B64E92E005ADA60 /* Utils.swift in Sources */,
			);
			runOnlyForDeploymentPostprocessing = 0;
		};
/* End PBXSourcesBuildPhase section */

/* Begin PBXTargetDependency section */
		588B7E552B67ACC1005ADA60 /* PBXTargetDependency */ = {
			isa = PBXTargetDependency;
			name = LDXImagePicker;
			targetProxy = 588B7E542B67ACC1005ADA60 /* PBXContainerItemProxy */;
		};
/* End PBXTargetDependency section */

/* Begin PBXVariantGroup section */
		585C69C22A7BBDC300BB945E /* Main.storyboard */ = {
			isa = PBXVariantGroup;
			children = (
				585C69C32A7BBDC300BB945E /* Base */,
			);
			name = Main.storyboard;
			sourceTree = "<group>";
		};
		585C69C72A7BBDC400BB945E /* LaunchScreen.storyboard */ = {
			isa = PBXVariantGroup;
			children = (
				585C69C82A7BBDC400BB945E /* Base */,
			);
			name = LaunchScreen.storyboard;
			sourceTree = "<group>";
		};
/* End PBXVariantGroup section */

/* Begin XCBuildConfiguration section */
		585C69CB2A7BBDC400BB945E /* Debug */ = {
			isa = XCBuildConfiguration;
			buildSettings = {
				ALWAYS_SEARCH_USER_PATHS = NO;
				CLANG_ANALYZER_NONNULL = YES;
				CLANG_ANALYZER_NUMBER_OBJECT_CONVERSION = YES_AGGRESSIVE;
				CLANG_CXX_LANGUAGE_STANDARD = "gnu++20";
				CLANG_ENABLE_MODULES = YES;
				CLANG_ENABLE_OBJC_ARC = YES;
				CLANG_ENABLE_OBJC_WEAK = YES;
				CLANG_WARN_BLOCK_CAPTURE_AUTORELEASING = YES;
				CLANG_WARN_BOOL_CONVERSION = YES;
				CLANG_WARN_COMMA = YES;
				CLANG_WARN_CONSTANT_CONVERSION = YES;
				CLANG_WARN_DEPRECATED_OBJC_IMPLEMENTATIONS = YES;
				CLANG_WARN_DIRECT_OBJC_ISA_USAGE = YES_ERROR;
				CLANG_WARN_DOCUMENTATION_COMMENTS = YES;
				CLANG_WARN_EMPTY_BODY = YES;
				CLANG_WARN_ENUM_CONVERSION = YES;
				CLANG_WARN_INFINITE_RECURSION = YES;
				CLANG_WARN_INT_CONVERSION = YES;
				CLANG_WARN_NON_LITERAL_NULL_CONVERSION = YES;
				CLANG_WARN_OBJC_IMPLICIT_RETAIN_SELF = YES;
				CLANG_WARN_OBJC_LITERAL_CONVERSION = YES;
				CLANG_WARN_OBJC_ROOT_CLASS = YES_ERROR;
				CLANG_WARN_QUOTED_INCLUDE_IN_FRAMEWORK_HEADER = YES;
				CLANG_WARN_RANGE_LOOP_ANALYSIS = YES;
				CLANG_WARN_STRICT_PROTOTYPES = YES;
				CLANG_WARN_SUSPICIOUS_MOVE = YES;
				CLANG_WARN_UNGUARDED_AVAILABILITY = YES_AGGRESSIVE;
				CLANG_WARN_UNREACHABLE_CODE = YES;
				CLANG_WARN__DUPLICATE_METHOD_MATCH = YES;
				COPY_PHASE_STRIP = NO;
				DEBUG_INFORMATION_FORMAT = dwarf;
				ENABLE_STRICT_OBJC_MSGSEND = YES;
				ENABLE_TESTABILITY = YES;
				GCC_C_LANGUAGE_STANDARD = gnu11;
				GCC_DYNAMIC_NO_PIC = NO;
				GCC_NO_COMMON_BLOCKS = YES;
				GCC_OPTIMIZATION_LEVEL = 0;
				GCC_PREPROCESSOR_DEFINITIONS = (
					"DEBUG=1",
					"$(inherited)",
				);
				GCC_WARN_64_TO_32_BIT_CONVERSION = YES;
				GCC_WARN_ABOUT_RETURN_TYPE = YES_ERROR;
				GCC_WARN_UNDECLARED_SELECTOR = YES;
				GCC_WARN_UNINITIALIZED_AUTOS = YES_AGGRESSIVE;
				GCC_WARN_UNUSED_FUNCTION = YES;
				GCC_WARN_UNUSED_VARIABLE = YES;
				IPHONEOS_DEPLOYMENT_TARGET = 16.4;
				MTL_ENABLE_DEBUG_INFO = INCLUDE_SOURCE;
				MTL_FAST_MATH = YES;
				ONLY_ACTIVE_ARCH = YES;
				SDKROOT = iphoneos;
				SWIFT_ACTIVE_COMPILATION_CONDITIONS = DEBUG;
				SWIFT_OPTIMIZATION_LEVEL = "-Onone";
			};
			name = Debug;
		};
		585C69CC2A7BBDC400BB945E /* Release */ = {
			isa = XCBuildConfiguration;
			buildSettings = {
				ALWAYS_SEARCH_USER_PATHS = NO;
				CLANG_ANALYZER_NONNULL = YES;
				CLANG_ANALYZER_NUMBER_OBJECT_CONVERSION = YES_AGGRESSIVE;
				CLANG_CXX_LANGUAGE_STANDARD = "gnu++20";
				CLANG_ENABLE_MODULES = YES;
				CLANG_ENABLE_OBJC_ARC = YES;
				CLANG_ENABLE_OBJC_WEAK = YES;
				CLANG_WARN_BLOCK_CAPTURE_AUTORELEASING = YES;
				CLANG_WARN_BOOL_CONVERSION = YES;
				CLANG_WARN_COMMA = YES;
				CLANG_WARN_CONSTANT_CONVERSION = YES;
				CLANG_WARN_DEPRECATED_OBJC_IMPLEMENTATIONS = YES;
				CLANG_WARN_DIRECT_OBJC_ISA_USAGE = YES_ERROR;
				CLANG_WARN_DOCUMENTATION_COMMENTS = YES;
				CLANG_WARN_EMPTY_BODY = YES;
				CLANG_WARN_ENUM_CONVERSION = YES;
				CLANG_WARN_INFINITE_RECURSION = YES;
				CLANG_WARN_INT_CONVERSION = YES;
				CLANG_WARN_NON_LITERAL_NULL_CONVERSION = YES;
				CLANG_WARN_OBJC_IMPLICIT_RETAIN_SELF = YES;
				CLANG_WARN_OBJC_LITERAL_CONVERSION = YES;
				CLANG_WARN_OBJC_ROOT_CLASS = YES_ERROR;
				CLANG_WARN_QUOTED_INCLUDE_IN_FRAMEWORK_HEADER = YES;
				CLANG_WARN_RANGE_LOOP_ANALYSIS = YES;
				CLANG_WARN_STRICT_PROTOTYPES = YES;
				CLANG_WARN_SUSPICIOUS_MOVE = YES;
				CLANG_WARN_UNGUARDED_AVAILABILITY = YES_AGGRESSIVE;
				CLANG_WARN_UNREACHABLE_CODE = YES;
				CLANG_WARN__DUPLICATE_METHOD_MATCH = YES;
				COPY_PHASE_STRIP = NO;
				DEBUG_INFORMATION_FORMAT = "dwarf-with-dsym";
				ENABLE_NS_ASSERTIONS = NO;
				ENABLE_STRICT_OBJC_MSGSEND = YES;
				GCC_C_LANGUAGE_STANDARD = gnu11;
				GCC_NO_COMMON_BLOCKS = YES;
				GCC_WARN_64_TO_32_BIT_CONVERSION = YES;
				GCC_WARN_ABOUT_RETURN_TYPE = YES_ERROR;
				GCC_WARN_UNDECLARED_SELECTOR = YES;
				GCC_WARN_UNINITIALIZED_AUTOS = YES_AGGRESSIVE;
				GCC_WARN_UNUSED_FUNCTION = YES;
				GCC_WARN_UNUSED_VARIABLE = YES;
				IPHONEOS_DEPLOYMENT_TARGET = 16.4;
				MTL_ENABLE_DEBUG_INFO = NO;
				MTL_FAST_MATH = YES;
				SDKROOT = iphoneos;
				SWIFT_COMPILATION_MODE = wholemodule;
				SWIFT_OPTIMIZATION_LEVEL = "-O";
				VALIDATE_PRODUCT = YES;
			};
			name = Release;
		};
		585C69CE2A7BBDC400BB945E /* Debug */ = {
			isa = XCBuildConfiguration;
			buildSettings = {
				ASSETCATALOG_COMPILER_APPICON_NAME = AppIcon;
				ASSETCATALOG_COMPILER_GLOBAL_ACCENT_COLOR_NAME = AccentColor;
				CODE_SIGN_STYLE = Automatic;
				CURRENT_PROJECT_VERSION = 1;
				DEVELOPMENT_TEAM = GURX554A9Q;
				FRAMEWORK_SEARCH_PATHS = (
					"$(inherited)",
					"$(PROJECT_DIR)",
				);
				GENERATE_INFOPLIST_FILE = YES;
				INFOPLIST_FILE = TestApp/Info.plist;
				INFOPLIST_KEY_NSPhotoLibraryUsageDescription = Photos;
				INFOPLIST_KEY_UIApplicationSupportsIndirectInputEvents = YES;
				INFOPLIST_KEY_UILaunchStoryboardName = LaunchScreen;
				INFOPLIST_KEY_UIMainStoryboardFile = Main;
				INFOPLIST_KEY_UISupportedInterfaceOrientations_iPad = "UIInterfaceOrientationPortrait UIInterfaceOrientationPortraitUpsideDown UIInterfaceOrientationLandscapeLeft UIInterfaceOrientationLandscapeRight";
				INFOPLIST_KEY_UISupportedInterfaceOrientations_iPhone = "UIInterfaceOrientationPortrait UIInterfaceOrientationLandscapeLeft UIInterfaceOrientationLandscapeRight";
				IPHONEOS_DEPLOYMENT_TARGET = 14.0;
				LD_RUNPATH_SEARCH_PATHS = (
					"$(inherited)",
					"@executable_path/Frameworks",
				);
				MARKETING_VERSION = 1.0;
				PRODUCT_BUNDLE_IDENTIFIER = com.meishe.ms240sdkdemo;
				PRODUCT_NAME = "$(TARGET_NAME)";
				SWIFT_EMIT_LOC_STRINGS = YES;
				SWIFT_VERSION = 5.0;
				TARGETED_DEVICE_FAMILY = "1,2";
			};
			name = Debug;
		};
		585C69CF2A7BBDC400BB945E /* Release */ = {
			isa = XCBuildConfiguration;
			buildSettings = {
				ASSETCATALOG_COMPILER_APPICON_NAME = AppIcon;
				ASSETCATALOG_COMPILER_GLOBAL_ACCENT_COLOR_NAME = AccentColor;
				CODE_SIGN_STYLE = Automatic;
				CURRENT_PROJECT_VERSION = 1;
				DEVELOPMENT_TEAM = GURX554A9Q;
				FRAMEWORK_SEARCH_PATHS = (
					"$(inherited)",
					"$(PROJECT_DIR)",
				);
				GENERATE_INFOPLIST_FILE = YES;
				INFOPLIST_FILE = TestApp/Info.plist;
				INFOPLIST_KEY_NSPhotoLibraryUsageDescription = Photos;
				INFOPLIST_KEY_UIApplicationSupportsIndirectInputEvents = YES;
				INFOPLIST_KEY_UILaunchStoryboardName = LaunchScreen;
				INFOPLIST_KEY_UIMainStoryboardFile = Main;
				INFOPLIST_KEY_UISupportedInterfaceOrientations_iPad = "UIInterfaceOrientationPortrait UIInterfaceOrientationPortraitUpsideDown UIInterfaceOrientationLandscapeLeft UIInterfaceOrientationLandscapeRight";
				INFOPLIST_KEY_UISupportedInterfaceOrientations_iPhone = "UIInterfaceOrientationPortrait UIInterfaceOrientationLandscapeLeft UIInterfaceOrientationLandscapeRight";
				IPHONEOS_DEPLOYMENT_TARGET = 14.0;
				LD_RUNPATH_SEARCH_PATHS = (
					"$(inherited)",
					"@executable_path/Frameworks",
				);
				MARKETING_VERSION = 1.0;
				PRODUCT_BUNDLE_IDENTIFIER = com.meishe.ms240sdkdemo;
				PRODUCT_NAME = "$(TARGET_NAME)";
				SWIFT_EMIT_LOC_STRINGS = YES;
				SWIFT_VERSION = 5.0;
				TARGETED_DEVICE_FAMILY = "1,2";
			};
			name = Release;
		};
/* End XCBuildConfiguration section */

/* Begin XCConfigurationList section */
		585C69B42A7BBDC300BB945E /* Build configuration list for PBXProject "TestApp" */ = {
			isa = XCConfigurationList;
			buildConfigurations = (
				585C69CB2A7BBDC400BB945E /* Debug */,
				585C69CC2A7BBDC400BB945E /* Release */,
			);
			defaultConfigurationIsVisible = 0;
			defaultConfigurationName = Release;
		};
		585C69CD2A7BBDC400BB945E /* Build configuration list for PBXNativeTarget "TestApp" */ = {
			isa = XCConfigurationList;
			buildConfigurations = (
				585C69CE2A7BBDC400BB945E /* Debug */,
				585C69CF2A7BBDC400BB945E /* Release */,
			);
			defaultConfigurationIsVisible = 0;
			defaultConfigurationName = Release;
		};
/* End XCConfigurationList section */
	};
	rootObject = 585C69B12A7BBDC300BB945E /* Project object */;
}
